// !$*UTF8*$!
{
	archiveVersion = 1;
	classes = {
	};
	objectVersion = 46;
	objects = {

/* Begin PBXBuildFile section */
		B90326491D819631004004EA /* APDRootViewController.swift in Sources */ = {isa = PBXBuildFile; fileRef = B90326481D819631004004EA /* APDRootViewController.swift */; };
		B903264E1D819756004004EA /* APDStartScreen.swift in Sources */ = {isa = PBXBuildFile; fileRef = B903264D1D819756004004EA /* APDStartScreen.swift */; };
		B9061C791D82C72C005B7B21 /* APDAppodealHUB.swift in Sources */ = {isa = PBXBuildFile; fileRef = B9061C781D82C72C005B7B21 /* APDAppodealHUB.swift */; };
		B91418B51D82DF2C004C6280 /* APDAppodealMREC.swift in Sources */ = {isa = PBXBuildFile; fileRef = B91418B41D82DF2C004C6280 /* APDAppodealMREC.swift */; };
		B91418B71D82DF59004C6280 /* APDAppodealBanner.swift in Sources */ = {isa = PBXBuildFile; fileRef = B91418B61D82DF59004C6280 /* APDAppodealBanner.swift */; };
		B91418BB1D82DF96004C6280 /* APDNativeHUB.swift in Sources */ = {isa = PBXBuildFile; fileRef = B91418BA1D82DF96004C6280 /* APDNativeHUB.swift */; };
		B91418BD1D82DFF9004C6280 /* APDBanner.swift in Sources */ = {isa = PBXBuildFile; fileRef = B91418BC1D82DFF9004C6280 /* APDBanner.swift */; };
		B91418DD1D82FA7A004C6280 /* APDNativeOnView.swift in Sources */ = {isa = PBXBuildFile; fileRef = B91418DC1D82FA7A004C6280 /* APDNativeOnView.swift */; };
		B9563DB21D81A26100052053 /* GLKit.framework in Frameworks */ = {isa = PBXBuildFile; fileRef = B9563DB11D81A26100052053 /* GLKit.framework */; };
		B9563DBB1D81A28900052053 /* CoreBluetooth.framework in Frameworks */ = {isa = PBXBuildFile; fileRef = B9563DB31D81A28900052053 /* CoreBluetooth.framework */; };
		B9563DBC1D81A28900052053 /* CoreFoundation.framework in Frameworks */ = {isa = PBXBuildFile; fileRef = B9563DB41D81A28900052053 /* CoreFoundation.framework */; };
		B9563DBD1D81A28900052053 /* CoreGraphics.framework in Frameworks */ = {isa = PBXBuildFile; fileRef = B9563DB51D81A28900052053 /* CoreGraphics.framework */; };
		B9563DBE1D81A28900052053 /* CoreImage.framework in Frameworks */ = {isa = PBXBuildFile; fileRef = B9563DB61D81A28900052053 /* CoreImage.framework */; };
		B9563DBF1D81A28900052053 /* CoreLocation.framework in Frameworks */ = {isa = PBXBuildFile; fileRef = B9563DB71D81A28900052053 /* CoreLocation.framework */; };
		B9563DC01D81A28900052053 /* CoreMedia.framework in Frameworks */ = {isa = PBXBuildFile; fileRef = B9563DB81D81A28900052053 /* CoreMedia.framework */; };
		B9563DC11D81A28900052053 /* CoreMotion.framework in Frameworks */ = {isa = PBXBuildFile; fileRef = B9563DB91D81A28900052053 /* CoreMotion.framework */; };
		B9563DC21D81A28900052053 /* CoreTelephony.framework in Frameworks */ = {isa = PBXBuildFile; fileRef = B9563DBA1D81A28900052053 /* CoreTelephony.framework */; };
		B9563DC41D81A29300052053 /* WebKit.framework in Frameworks */ = {isa = PBXBuildFile; fileRef = B9563DC31D81A29300052053 /* WebKit.framework */; };
		B9563DC61D81A29A00052053 /* UIKit.framework in Frameworks */ = {isa = PBXBuildFile; fileRef = B9563DC51D81A29A00052053 /* UIKit.framework */; };
		B9563DC81D81A2A000052053 /* Twitter.framework in Frameworks */ = {isa = PBXBuildFile; fileRef = B9563DC71D81A2A000052053 /* Twitter.framework */; };
		B9563DCA1D81A2A800052053 /* SystemConfiguration.framework in Frameworks */ = {isa = PBXBuildFile; fileRef = B9563DC91D81A2A800052053 /* SystemConfiguration.framework */; };
		B9563DCC1D81A2B000052053 /* StoreKit.framework in Frameworks */ = {isa = PBXBuildFile; fileRef = B9563DCB1D81A2AF00052053 /* StoreKit.framework */; };
		B9563DCE1D81A2BC00052053 /* Social.framework in Frameworks */ = {isa = PBXBuildFile; fileRef = B9563DCD1D81A2BB00052053 /* Social.framework */; };
		B9563DD01D81A2C100052053 /* Security.framework in Frameworks */ = {isa = PBXBuildFile; fileRef = B9563DCF1D81A2C100052053 /* Security.framework */; };
		B9563DD21D81A2C800052053 /* SafariServices.framework in Frameworks */ = {isa = PBXBuildFile; fileRef = B9563DD11D81A2C800052053 /* SafariServices.framework */; };
		B9563DD41D81A2CF00052053 /* QuartzCore.framework in Frameworks */ = {isa = PBXBuildFile; fileRef = B9563DD31D81A2CF00052053 /* QuartzCore.framework */; };
		B9563DD61D81A2D500052053 /* MobileCoreServices.framework in Frameworks */ = {isa = PBXBuildFile; fileRef = B9563DD51D81A2D500052053 /* MobileCoreServices.framework */; };
		B9563DD81D81A2DE00052053 /* MessageUI.framework in Frameworks */ = {isa = PBXBuildFile; fileRef = B9563DD71D81A2DE00052053 /* MessageUI.framework */; };
		B9563DDA1D81A2E400052053 /* MediaToolbox.framework in Frameworks */ = {isa = PBXBuildFile; fileRef = B9563DD91D81A2E400052053 /* MediaToolbox.framework */; };
		B9563DDC1D81A2ED00052053 /* JavaScriptCore.framework in Frameworks */ = {isa = PBXBuildFile; fileRef = B9563DDB1D81A2ED00052053 /* JavaScriptCore.framework */; };
		B9563DDF1D81A2F300052053 /* EventKit.framework in Frameworks */ = {isa = PBXBuildFile; fileRef = B9563DDD1D81A2F300052053 /* EventKit.framework */; };
		B9563DE01D81A2F300052053 /* EventKitUI.framework in Frameworks */ = {isa = PBXBuildFile; fileRef = B9563DDE1D81A2F300052053 /* EventKitUI.framework */; };
		B9563DE21D81A2FB00052053 /* CFNetwork.framework in Frameworks */ = {isa = PBXBuildFile; fileRef = B9563DE11D81A2FB00052053 /* CFNetwork.framework */; };
		B9563DE41D81A30600052053 /* AVFoundation.framework in Frameworks */ = {isa = PBXBuildFile; fileRef = B9563DE31D81A30600052053 /* AVFoundation.framework */; };
		B9563DE61D81A31100052053 /* AudioToolbox.framework in Frameworks */ = {isa = PBXBuildFile; fileRef = B9563DE51D81A31100052053 /* AudioToolbox.framework */; };
		B9563DE81D81A31700052053 /* AdSupport.framework in Frameworks */ = {isa = PBXBuildFile; fileRef = B9563DE71D81A31700052053 /* AdSupport.framework */; };
		B9563DEA1D81A32900052053 /* libz.tbd in Frameworks */ = {isa = PBXBuildFile; fileRef = B9563DE91D81A32900052053 /* libz.tbd */; };
		B9563DEC1D81A33000052053 /* libxml2.2.tbd in Frameworks */ = {isa = PBXBuildFile; fileRef = B9563DEB1D81A33000052053 /* libxml2.2.tbd */; };
		B9563DEE1D81A33800052053 /* libsqlite3.tbd in Frameworks */ = {isa = PBXBuildFile; fileRef = B9563DED1D81A33800052053 /* libsqlite3.tbd */; };
		B9563DF01D81A33E00052053 /* libc++.tbd in Frameworks */ = {isa = PBXBuildFile; fileRef = B9563DEF1D81A33E00052053 /* libc++.tbd */; };
		B9563DF31D81A5E800052053 /* Launchscreen.storyboard in Resources */ = {isa = PBXBuildFile; fileRef = B9563DF11D81A5E800052053 /* Launchscreen.storyboard */; };
		B9563DF51D81A69100052053 /* APDRootView.swift in Sources */ = {isa = PBXBuildFile; fileRef = B9563DF41D81A69100052053 /* APDRootView.swift */; };
		B9563E161D81B15D00052053 /* APDAppodealConfiguration.swift in Sources */ = {isa = PBXBuildFile; fileRef = B9563E151D81B15D00052053 /* APDAppodealConfiguration.swift */; };
		B9A6AB551E54333B0094B50F /* APDUserDataConfiguration.swift in Sources */ = {isa = PBXBuildFile; fileRef = B9A6AB541E54333B0094B50F /* APDUserDataConfiguration.swift */; };
		B9A6AB571E543B470094B50F /* APDVisualRootViewController.swift in Sources */ = {isa = PBXBuildFile; fileRef = B9A6AB561E543B470094B50F /* APDVisualRootViewController.swift */; };
		B9A6AB591E544CEC0094B50F /* APDCustomModel.swift in Sources */ = {isa = PBXBuildFile; fileRef = B9A6AB581E544CEC0094B50F /* APDCustomModel.swift */; };
		B9A6AB5B1E5453220094B50F /* APDUserDataPresentation.swift in Sources */ = {isa = PBXBuildFile; fileRef = B9A6AB5A1E5453220094B50F /* APDUserDataPresentation.swift */; };
		B9C2708B1D818AA400C7FF15 /* AppDelegate.swift in Sources */ = {isa = PBXBuildFile; fileRef = B9C2708A1D818AA400C7FF15 /* AppDelegate.swift */; };
		B9C270921D818AA400C7FF15 /* Assets.xcassets in Resources */ = {isa = PBXBuildFile; fileRef = B9C270911D818AA400C7FF15 /* Assets.xcassets */; };
		B9FD80761DE41C9800545C05 /* APDDisableNetwork.swift in Sources */ = {isa = PBXBuildFile; fileRef = B9FD80751DE41C9800545C05 /* APDDisableNetwork.swift */; };
/* End PBXBuildFile section */

/* Begin PBXFileReference section */
		B90326481D819631004004EA /* APDRootViewController.swift */ = {isa = PBXFileReference; fileEncoding = 4; lastKnownFileType = sourcecode.swift; path = APDRootViewController.swift; sourceTree = "<group>"; };
		B903264D1D819756004004EA /* APDStartScreen.swift */ = {isa = PBXFileReference; fileEncoding = 4; lastKnownFileType = sourcecode.swift; path = APDStartScreen.swift; sourceTree = "<group>"; };
		B9061C781D82C72C005B7B21 /* APDAppodealHUB.swift */ = {isa = PBXFileReference; fileEncoding = 4; lastKnownFileType = sourcecode.swift; path = APDAppodealHUB.swift; sourceTree = "<group>"; };
		B91418B41D82DF2C004C6280 /* APDAppodealMREC.swift */ = {isa = PBXFileReference; fileEncoding = 4; lastKnownFileType = sourcecode.swift; path = APDAppodealMREC.swift; sourceTree = "<group>"; };
		B91418B61D82DF59004C6280 /* APDAppodealBanner.swift */ = {isa = PBXFileReference; fileEncoding = 4; lastKnownFileType = sourcecode.swift; path = APDAppodealBanner.swift; sourceTree = "<group>"; };
		B91418BA1D82DF96004C6280 /* APDNativeHUB.swift */ = {isa = PBXFileReference; fileEncoding = 4; lastKnownFileType = sourcecode.swift; path = APDNativeHUB.swift; sourceTree = "<group>"; };
		B91418BC1D82DFF9004C6280 /* APDBanner.swift */ = {isa = PBXFileReference; fileEncoding = 4; lastKnownFileType = sourcecode.swift; path = APDBanner.swift; sourceTree = "<group>"; };
		B91418DC1D82FA7A004C6280 /* APDNativeOnView.swift */ = {isa = PBXFileReference; fileEncoding = 4; lastKnownFileType = sourcecode.swift; path = APDNativeOnView.swift; sourceTree = "<group>"; };
		B9563DB11D81A26100052053 /* GLKit.framework */ = {isa = PBXFileReference; lastKnownFileType = wrapper.framework; name = GLKit.framework; path = System/Library/Frameworks/GLKit.framework; sourceTree = SDKROOT; };
		B9563DB31D81A28900052053 /* CoreBluetooth.framework */ = {isa = PBXFileReference; lastKnownFileType = wrapper.framework; name = CoreBluetooth.framework; path = System/Library/Frameworks/CoreBluetooth.framework; sourceTree = SDKROOT; };
		B9563DB41D81A28900052053 /* CoreFoundation.framework */ = {isa = PBXFileReference; lastKnownFileType = wrapper.framework; name = CoreFoundation.framework; path = System/Library/Frameworks/CoreFoundation.framework; sourceTree = SDKROOT; };
		B9563DB51D81A28900052053 /* CoreGraphics.framework */ = {isa = PBXFileReference; lastKnownFileType = wrapper.framework; name = CoreGraphics.framework; path = System/Library/Frameworks/CoreGraphics.framework; sourceTree = SDKROOT; };
		B9563DB61D81A28900052053 /* CoreImage.framework */ = {isa = PBXFileReference; lastKnownFileType = wrapper.framework; name = CoreImage.framework; path = System/Library/Frameworks/CoreImage.framework; sourceTree = SDKROOT; };
		B9563DB71D81A28900052053 /* CoreLocation.framework */ = {isa = PBXFileReference; lastKnownFileType = wrapper.framework; name = CoreLocation.framework; path = System/Library/Frameworks/CoreLocation.framework; sourceTree = SDKROOT; };
		B9563DB81D81A28900052053 /* CoreMedia.framework */ = {isa = PBXFileReference; lastKnownFileType = wrapper.framework; name = CoreMedia.framework; path = System/Library/Frameworks/CoreMedia.framework; sourceTree = SDKROOT; };
		B9563DB91D81A28900052053 /* CoreMotion.framework */ = {isa = PBXFileReference; lastKnownFileType = wrapper.framework; name = CoreMotion.framework; path = System/Library/Frameworks/CoreMotion.framework; sourceTree = SDKROOT; };
		B9563DBA1D81A28900052053 /* CoreTelephony.framework */ = {isa = PBXFileReference; lastKnownFileType = wrapper.framework; name = CoreTelephony.framework; path = System/Library/Frameworks/CoreTelephony.framework; sourceTree = SDKROOT; };
		B9563DC31D81A29300052053 /* WebKit.framework */ = {isa = PBXFileReference; lastKnownFileType = wrapper.framework; name = WebKit.framework; path = System/Library/Frameworks/WebKit.framework; sourceTree = SDKROOT; };
		B9563DC51D81A29A00052053 /* UIKit.framework */ = {isa = PBXFileReference; lastKnownFileType = wrapper.framework; name = UIKit.framework; path = System/Library/Frameworks/UIKit.framework; sourceTree = SDKROOT; };
		B9563DC71D81A2A000052053 /* Twitter.framework */ = {isa = PBXFileReference; lastKnownFileType = wrapper.framework; name = Twitter.framework; path = System/Library/Frameworks/Twitter.framework; sourceTree = SDKROOT; };
		B9563DC91D81A2A800052053 /* SystemConfiguration.framework */ = {isa = PBXFileReference; lastKnownFileType = wrapper.framework; name = SystemConfiguration.framework; path = System/Library/Frameworks/SystemConfiguration.framework; sourceTree = SDKROOT; };
		B9563DCB1D81A2AF00052053 /* StoreKit.framework */ = {isa = PBXFileReference; lastKnownFileType = wrapper.framework; name = StoreKit.framework; path = System/Library/Frameworks/StoreKit.framework; sourceTree = SDKROOT; };
		B9563DCD1D81A2BB00052053 /* Social.framework */ = {isa = PBXFileReference; lastKnownFileType = wrapper.framework; name = Social.framework; path = System/Library/Frameworks/Social.framework; sourceTree = SDKROOT; };
		B9563DCF1D81A2C100052053 /* Security.framework */ = {isa = PBXFileReference; lastKnownFileType = wrapper.framework; name = Security.framework; path = System/Library/Frameworks/Security.framework; sourceTree = SDKROOT; };
		B9563DD11D81A2C800052053 /* SafariServices.framework */ = {isa = PBXFileReference; lastKnownFileType = wrapper.framework; name = SafariServices.framework; path = System/Library/Frameworks/SafariServices.framework; sourceTree = SDKROOT; };
		B9563DD31D81A2CF00052053 /* QuartzCore.framework */ = {isa = PBXFileReference; lastKnownFileType = wrapper.framework; name = QuartzCore.framework; path = System/Library/Frameworks/QuartzCore.framework; sourceTree = SDKROOT; };
		B9563DD51D81A2D500052053 /* MobileCoreServices.framework */ = {isa = PBXFileReference; lastKnownFileType = wrapper.framework; name = MobileCoreServices.framework; path = System/Library/Frameworks/MobileCoreServices.framework; sourceTree = SDKROOT; };
		B9563DD71D81A2DE00052053 /* MessageUI.framework */ = {isa = PBXFileReference; lastKnownFileType = wrapper.framework; name = MessageUI.framework; path = System/Library/Frameworks/MessageUI.framework; sourceTree = SDKROOT; };
		B9563DD91D81A2E400052053 /* MediaToolbox.framework */ = {isa = PBXFileReference; lastKnownFileType = wrapper.framework; name = MediaToolbox.framework; path = System/Library/Frameworks/MediaToolbox.framework; sourceTree = SDKROOT; };
		B9563DDB1D81A2ED00052053 /* JavaScriptCore.framework */ = {isa = PBXFileReference; lastKnownFileType = wrapper.framework; name = JavaScriptCore.framework; path = System/Library/Frameworks/JavaScriptCore.framework; sourceTree = SDKROOT; };
		B9563DDD1D81A2F300052053 /* EventKit.framework */ = {isa = PBXFileReference; lastKnownFileType = wrapper.framework; name = EventKit.framework; path = System/Library/Frameworks/EventKit.framework; sourceTree = SDKROOT; };
		B9563DDE1D81A2F300052053 /* EventKitUI.framework */ = {isa = PBXFileReference; lastKnownFileType = wrapper.framework; name = EventKitUI.framework; path = System/Library/Frameworks/EventKitUI.framework; sourceTree = SDKROOT; };
		B9563DE11D81A2FB00052053 /* CFNetwork.framework */ = {isa = PBXFileReference; lastKnownFileType = wrapper.framework; name = CFNetwork.framework; path = System/Library/Frameworks/CFNetwork.framework; sourceTree = SDKROOT; };
		B9563DE31D81A30600052053 /* AVFoundation.framework */ = {isa = PBXFileReference; lastKnownFileType = wrapper.framework; name = AVFoundation.framework; path = System/Library/Frameworks/AVFoundation.framework; sourceTree = SDKROOT; };
		B9563DE51D81A31100052053 /* AudioToolbox.framework */ = {isa = PBXFileReference; lastKnownFileType = wrapper.framework; name = AudioToolbox.framework; path = System/Library/Frameworks/AudioToolbox.framework; sourceTree = SDKROOT; };
		B9563DE71D81A31700052053 /* AdSupport.framework */ = {isa = PBXFileReference; lastKnownFileType = wrapper.framework; name = AdSupport.framework; path = System/Library/Frameworks/AdSupport.framework; sourceTree = SDKROOT; };
		B9563DE91D81A32900052053 /* libz.tbd */ = {isa = PBXFileReference; lastKnownFileType = "sourcecode.text-based-dylib-definition"; name = libz.tbd; path = usr/lib/libz.tbd; sourceTree = SDKROOT; };
		B9563DEB1D81A33000052053 /* libxml2.2.tbd */ = {isa = PBXFileReference; lastKnownFileType = "sourcecode.text-based-dylib-definition"; name = libxml2.2.tbd; path = usr/lib/libxml2.2.tbd; sourceTree = SDKROOT; };
		B9563DED1D81A33800052053 /* libsqlite3.tbd */ = {isa = PBXFileReference; lastKnownFileType = "sourcecode.text-based-dylib-definition"; name = libsqlite3.tbd; path = usr/lib/libsqlite3.tbd; sourceTree = SDKROOT; };
		B9563DEF1D81A33E00052053 /* libc++.tbd */ = {isa = PBXFileReference; lastKnownFileType = "sourcecode.text-based-dylib-definition"; name = "libc++.tbd"; path = "usr/lib/libc++.tbd"; sourceTree = SDKROOT; };
		B9563DF21D81A5E800052053 /* Base */ = {isa = PBXFileReference; lastKnownFileType = file.storyboard; name = Base; path = Base.lproj/Launchscreen.storyboard; sourceTree = "<group>"; };
		B9563DF41D81A69100052053 /* APDRootView.swift */ = {isa = PBXFileReference; fileEncoding = 4; lastKnownFileType = sourcecode.swift; path = APDRootView.swift; sourceTree = "<group>"; };
		B9563E151D81B15D00052053 /* APDAppodealConfiguration.swift */ = {isa = PBXFileReference; fileEncoding = 4; lastKnownFileType = sourcecode.swift; path = APDAppodealConfiguration.swift; sourceTree = "<group>"; };
		B9A6AB541E54333B0094B50F /* APDUserDataConfiguration.swift */ = {isa = PBXFileReference; fileEncoding = 4; lastKnownFileType = sourcecode.swift; path = APDUserDataConfiguration.swift; sourceTree = "<group>"; };
		B9A6AB561E543B470094B50F /* APDVisualRootViewController.swift */ = {isa = PBXFileReference; fileEncoding = 4; lastKnownFileType = sourcecode.swift; path = APDVisualRootViewController.swift; sourceTree = "<group>"; };
		B9A6AB581E544CEC0094B50F /* APDCustomModel.swift */ = {isa = PBXFileReference; fileEncoding = 4; lastKnownFileType = sourcecode.swift; path = APDCustomModel.swift; sourceTree = "<group>"; };
		B9A6AB5A1E5453220094B50F /* APDUserDataPresentation.swift */ = {isa = PBXFileReference; fileEncoding = 4; lastKnownFileType = sourcecode.swift; path = APDUserDataPresentation.swift; sourceTree = "<group>"; };
		B9C270871D818AA400C7FF15 /* appodeal_ios_demo_swift_app.app */ = {isa = PBXFileReference; explicitFileType = wrapper.application; includeInIndex = 0; path = appodeal_ios_demo_swift_app.app; sourceTree = BUILT_PRODUCTS_DIR; };
		B9C2708A1D818AA400C7FF15 /* AppDelegate.swift */ = {isa = PBXFileReference; lastKnownFileType = sourcecode.swift; path = AppDelegate.swift; sourceTree = "<group>"; };
		B9C270911D818AA400C7FF15 /* Assets.xcassets */ = {isa = PBXFileReference; lastKnownFileType = folder.assetcatalog; path = Assets.xcassets; sourceTree = "<group>"; };
		B9C270961D818AA400C7FF15 /* Info.plist */ = {isa = PBXFileReference; lastKnownFileType = text.plist.xml; path = Info.plist; sourceTree = "<group>"; };
		B9FD80751DE41C9800545C05 /* APDDisableNetwork.swift */ = {isa = PBXFileReference; fileEncoding = 4; lastKnownFileType = sourcecode.swift; path = APDDisableNetwork.swift; sourceTree = "<group>"; };
/* End PBXFileReference section */

/* Begin PBXFrameworksBuildPhase section */
		B9C270841D818AA400C7FF15 /* Frameworks */ = {
			isa = PBXFrameworksBuildPhase;
			buildActionMask = 2147483647;
			files = (
				B9563DF01D81A33E00052053 /* libc++.tbd in Frameworks */,
				B9563DEE1D81A33800052053 /* libsqlite3.tbd in Frameworks */,
				B9563DEC1D81A33000052053 /* libxml2.2.tbd in Frameworks */,
				B9563DEA1D81A32900052053 /* libz.tbd in Frameworks */,
				B9563DE81D81A31700052053 /* AdSupport.framework in Frameworks */,
				B9563DE61D81A31100052053 /* AudioToolbox.framework in Frameworks */,
				B9563DE41D81A30600052053 /* AVFoundation.framework in Frameworks */,
				B9563DE21D81A2FB00052053 /* CFNetwork.framework in Frameworks */,
				B9563DDF1D81A2F300052053 /* EventKit.framework in Frameworks */,
				B9563DE01D81A2F300052053 /* EventKitUI.framework in Frameworks */,
				B9563DDC1D81A2ED00052053 /* JavaScriptCore.framework in Frameworks */,
				B9563DDA1D81A2E400052053 /* MediaToolbox.framework in Frameworks */,
				B9563DD81D81A2DE00052053 /* MessageUI.framework in Frameworks */,
				B9563DD61D81A2D500052053 /* MobileCoreServices.framework in Frameworks */,
				B9563DD41D81A2CF00052053 /* QuartzCore.framework in Frameworks */,
				B9563DD21D81A2C800052053 /* SafariServices.framework in Frameworks */,
				B9563DD01D81A2C100052053 /* Security.framework in Frameworks */,
				B9563DCE1D81A2BC00052053 /* Social.framework in Frameworks */,
				B9563DCC1D81A2B000052053 /* StoreKit.framework in Frameworks */,
				B9563DCA1D81A2A800052053 /* SystemConfiguration.framework in Frameworks */,
				B9563DC81D81A2A000052053 /* Twitter.framework in Frameworks */,
				B9563DC61D81A29A00052053 /* UIKit.framework in Frameworks */,
				B9563DC41D81A29300052053 /* WebKit.framework in Frameworks */,
				B9563DBB1D81A28900052053 /* CoreBluetooth.framework in Frameworks */,
				B9563DBC1D81A28900052053 /* CoreFoundation.framework in Frameworks */,
				B9563DBD1D81A28900052053 /* CoreGraphics.framework in Frameworks */,
				B9563DBE1D81A28900052053 /* CoreImage.framework in Frameworks */,
				B9563DBF1D81A28900052053 /* CoreLocation.framework in Frameworks */,
				B9563DC01D81A28900052053 /* CoreMedia.framework in Frameworks */,
				B9563DC11D81A28900052053 /* CoreMotion.framework in Frameworks */,
				B9563DC21D81A28900052053 /* CoreTelephony.framework in Frameworks */,
				B9563DB21D81A26100052053 /* GLKit.framework in Frameworks */,
			);
			runOnlyForDeploymentPostprocessing = 0;
		};
/* End PBXFrameworksBuildPhase section */

/* Begin PBXGroup section */
		B903253F1D818E3B004004EA /* Supporting Files */ = {
			isa = PBXGroup;
			children = (
				B9C2708A1D818AA400C7FF15 /* AppDelegate.swift */,
				B9C270911D818AA400C7FF15 /* Assets.xcassets */,
				B9C270961D818AA400C7FF15 /* Info.plist */,
				B9563DF11D81A5E800052053 /* Launchscreen.storyboard */,
				B9563E141D81ABDC00052053 /* SupportLibs */,
			);
			name = "Supporting Files";
			sourceTree = "<group>";
		};
		B90325401D818E6B004004EA /* APDControllers */ = {
			isa = PBXGroup;
			children = (
				B903264D1D819756004004EA /* APDStartScreen.swift */,
				B9FD80751DE41C9800545C05 /* APDDisableNetwork.swift */,
				B9563E151D81B15D00052053 /* APDAppodealConfiguration.swift */,
				B9A6AB541E54333B0094B50F /* APDUserDataConfiguration.swift */,
				B9A6AB5A1E5453220094B50F /* APDUserDataPresentation.swift */,
				B9061C781D82C72C005B7B21 /* APDAppodealHUB.swift */,
				B91418B61D82DF59004C6280 /* APDAppodealBanner.swift */,
				B91418B41D82DF2C004C6280 /* APDAppodealMREC.swift */,
				B91418BC1D82DFF9004C6280 /* APDBanner.swift */,
				B91418BA1D82DF96004C6280 /* APDNativeHUB.swift */,
				B91418DC1D82FA7A004C6280 /* APDNativeOnView.swift */,
			);
			name = APDControllers;
			sourceTree = "<group>";
		};
		B903264A1D819637004004EA /* APDROOT */ = {
			isa = PBXGroup;
			children = (
				B9A6AB581E544CEC0094B50F /* APDCustomModel.swift */,
				B9563DF41D81A69100052053 /* APDRootView.swift */,
				B9A6AB561E543B470094B50F /* APDVisualRootViewController.swift */,
				B90326481D819631004004EA /* APDRootViewController.swift */,
			);
			name = APDROOT;
			sourceTree = "<group>";
		};
		B9563DB01D81A26100052053 /* Frameworks */ = {
			isa = PBXGroup;
			children = (
				B9563DEF1D81A33E00052053 /* libc++.tbd */,
				B9563DED1D81A33800052053 /* libsqlite3.tbd */,
				B9563DEB1D81A33000052053 /* libxml2.2.tbd */,
				B9563DE91D81A32900052053 /* libz.tbd */,
				B9563DE71D81A31700052053 /* AdSupport.framework */,
				B9563DE51D81A31100052053 /* AudioToolbox.framework */,
				B9563DE31D81A30600052053 /* AVFoundation.framework */,
				B9563DE11D81A2FB00052053 /* CFNetwork.framework */,
				B9563DDD1D81A2F300052053 /* EventKit.framework */,
				B9563DDE1D81A2F300052053 /* EventKitUI.framework */,
				B9563DDB1D81A2ED00052053 /* JavaScriptCore.framework */,
				B9563DD91D81A2E400052053 /* MediaToolbox.framework */,
				B9563DD71D81A2DE00052053 /* MessageUI.framework */,
				B9563DD51D81A2D500052053 /* MobileCoreServices.framework */,
				B9563DD31D81A2CF00052053 /* QuartzCore.framework */,
				B9563DD11D81A2C800052053 /* SafariServices.framework */,
				B9563DCF1D81A2C100052053 /* Security.framework */,
				B9563DCD1D81A2BB00052053 /* Social.framework */,
				B9563DCB1D81A2AF00052053 /* StoreKit.framework */,
				B9563DC91D81A2A800052053 /* SystemConfiguration.framework */,
				B9563DC71D81A2A000052053 /* Twitter.framework */,
				B9563DC51D81A29A00052053 /* UIKit.framework */,
				B9563DC31D81A29300052053 /* WebKit.framework */,
				B9563DB31D81A28900052053 /* CoreBluetooth.framework */,
				B9563DB41D81A28900052053 /* CoreFoundation.framework */,
				B9563DB51D81A28900052053 /* CoreGraphics.framework */,
				B9563DB61D81A28900052053 /* CoreImage.framework */,
				B9563DB71D81A28900052053 /* CoreLocation.framework */,
				B9563DB81D81A28900052053 /* CoreMedia.framework */,
				B9563DB91D81A28900052053 /* CoreMotion.framework */,
				B9563DBA1D81A28900052053 /* CoreTelephony.framework */,
				B9563DB11D81A26100052053 /* GLKit.framework */,
			);
			name = Frameworks;
			sourceTree = "<group>";
		};
		B9563E141D81ABDC00052053 /* SupportLibs */ = {
			isa = PBXGroup;
			children = (
			);
			name = SupportLibs;
			sourceTree = "<group>";
		};
		B9C2707E1D818AA400C7FF15 = {
			isa = PBXGroup;
			children = (
				B9C270891D818AA400C7FF15 /* appodeal_ios_demo_swift_app */,
				B9C270881D818AA400C7FF15 /* Products */,
				B9563DB01D81A26100052053 /* Frameworks */,
			);
			sourceTree = "<group>";
		};
		B9C270881D818AA400C7FF15 /* Products */ = {
			isa = PBXGroup;
			children = (
				B9C270871D818AA400C7FF15 /* appodeal_ios_demo_swift_app.app */,
			);
			name = Products;
			sourceTree = "<group>";
		};
		B9C270891D818AA400C7FF15 /* appodeal_ios_demo_swift_app */ = {
			isa = PBXGroup;
			children = (
				B903264A1D819637004004EA /* APDROOT */,
				B90325401D818E6B004004EA /* APDControllers */,
				B903253F1D818E3B004004EA /* Supporting Files */,
			);
			path = appodeal_ios_demo_swift_app;
			sourceTree = "<group>";
		};
/* End PBXGroup section */

/* Begin PBXNativeTarget section */
		B9C270861D818AA400C7FF15 /* appodeal_ios_demo_swift_app */ = {
			isa = PBXNativeTarget;
			buildConfigurationList = B9C270991D818AA400C7FF15 /* Build configuration list for PBXNativeTarget "appodeal_ios_demo_swift_app" */;
			buildPhases = (
				B9C270831D818AA400C7FF15 /* Sources */,
				B9C270841D818AA400C7FF15 /* Frameworks */,
				B9C270851D818AA400C7FF15 /* Resources */,
			);
			buildRules = (
			);
			dependencies = (
			);
			name = appodeal_ios_demo_swift_app;
			productName = appodeal_ios_demo_swift_app;
			productReference = B9C270871D818AA400C7FF15 /* appodeal_ios_demo_swift_app.app */;
			productType = "com.apple.product-type.application";
		};
/* End PBXNativeTarget section */

/* Begin PBXProject section */
		B9C2707F1D818AA400C7FF15 /* Project object */ = {
			isa = PBXProject;
			attributes = {
				LastSwiftUpdateCheck = 0730;
				LastUpgradeCheck = 0800;
				ORGANIZATIONNAME = "Lozhkin Ilya";
				TargetAttributes = {
					B9C270861D818AA400C7FF15 = {
						CreatedOnToolsVersion = 7.3;
						DevelopmentTeam = 3UBVG2WUJQ;
						LastSwiftMigration = 0800;
					};
				};
			};
			buildConfigurationList = B9C270821D818AA400C7FF15 /* Build configuration list for PBXProject "appodeal_ios_demo_swift_app" */;
			compatibilityVersion = "Xcode 3.2";
			developmentRegion = English;
			hasScannedForEncodings = 0;
			knownRegions = (
				en,
				Base,
			);
			mainGroup = B9C2707E1D818AA400C7FF15;
			productRefGroup = B9C270881D818AA400C7FF15 /* Products */;
			projectDirPath = "";
			projectRoot = "";
			targets = (
				B9C270861D818AA400C7FF15 /* appodeal_ios_demo_swift_app */,
			);
		};
/* End PBXProject section */

/* Begin PBXResourcesBuildPhase section */
		B9C270851D818AA400C7FF15 /* Resources */ = {
			isa = PBXResourcesBuildPhase;
			buildActionMask = 2147483647;
			files = (
				B9563DF31D81A5E800052053 /* Launchscreen.storyboard in Resources */,
				B9C270921D818AA400C7FF15 /* Assets.xcassets in Resources */,
			);
			runOnlyForDeploymentPostprocessing = 0;
		};
/* End PBXResourcesBuildPhase section */

/* Begin PBXSourcesBuildPhase section */
		B9C270831D818AA400C7FF15 /* Sources */ = {
			isa = PBXSourcesBuildPhase;
			buildActionMask = 2147483647;
			files = (
				B91418BD1D82DFF9004C6280 /* APDBanner.swift in Sources */,
				B9563DF51D81A69100052053 /* APDRootView.swift in Sources */,
				B9A6AB5B1E5453220094B50F /* APDUserDataPresentation.swift in Sources */,
				B91418BB1D82DF96004C6280 /* APDNativeHUB.swift in Sources */,
				B903264E1D819756004004EA /* APDStartScreen.swift in Sources */,
				B91418B51D82DF2C004C6280 /* APDAppodealMREC.swift in Sources */,
				B91418B71D82DF59004C6280 /* APDAppodealBanner.swift in Sources */,
				B9C2708B1D818AA400C7FF15 /* AppDelegate.swift in Sources */,
				B9A6AB591E544CEC0094B50F /* APDCustomModel.swift in Sources */,
				B9061C791D82C72C005B7B21 /* APDAppodealHUB.swift in Sources */,
				B9563E161D81B15D00052053 /* APDAppodealConfiguration.swift in Sources */,
				B9FD80761DE41C9800545C05 /* APDDisableNetwork.swift in Sources */,
				B91418DD1D82FA7A004C6280 /* APDNativeOnView.swift in Sources */,
				B9A6AB551E54333B0094B50F /* APDUserDataConfiguration.swift in Sources */,
				B9A6AB571E543B470094B50F /* APDVisualRootViewController.swift in Sources */,
				B90326491D819631004004EA /* APDRootViewController.swift in Sources */,
			);
			runOnlyForDeploymentPostprocessing = 0;
		};
/* End PBXSourcesBuildPhase section */

/* Begin PBXVariantGroup section */
		B9563DF11D81A5E800052053 /* Launchscreen.storyboard */ = {
			isa = PBXVariantGroup;
			children = (
				B9563DF21D81A5E800052053 /* Base */,
			);
			name = Launchscreen.storyboard;
			sourceTree = "<group>";
		};
/* End PBXVariantGroup section */

/* Begin XCBuildConfiguration section */
		B9C270971D818AA400C7FF15 /* Debug */ = {
			isa = XCBuildConfiguration;
			buildSettings = {
				ALWAYS_SEARCH_USER_PATHS = NO;
				CLANG_ANALYZER_NONNULL = YES;
				CLANG_CXX_LANGUAGE_STANDARD = "gnu++0x";
				CLANG_CXX_LIBRARY = "libc++";
				CLANG_ENABLE_MODULES = YES;
				CLANG_ENABLE_OBJC_ARC = YES;
				CLANG_WARN_BOOL_CONVERSION = YES;
				CLANG_WARN_CONSTANT_CONVERSION = YES;
				CLANG_WARN_DIRECT_OBJC_ISA_USAGE = YES_ERROR;
				CLANG_WARN_EMPTY_BODY = YES;
				CLANG_WARN_ENUM_CONVERSION = YES;
				CLANG_WARN_INFINITE_RECURSION = YES;
				CLANG_WARN_INT_CONVERSION = YES;
				CLANG_WARN_OBJC_ROOT_CLASS = YES_ERROR;
				CLANG_WARN_SUSPICIOUS_MOVE = YES;
				CLANG_WARN_UNREACHABLE_CODE = YES;
				CLANG_WARN__DUPLICATE_METHOD_MATCH = YES;
				"CODE_SIGN_IDENTITY[sdk=iphoneos*]" = "iPhone Developer";
				COPY_PHASE_STRIP = NO;
				DEBUG_INFORMATION_FORMAT = dwarf;
				ENABLE_STRICT_OBJC_MSGSEND = YES;
				ENABLE_TESTABILITY = YES;
				FRAMEWORK_SEARCH_PATHS = "$(inherited)";
				GCC_C_LANGUAGE_STANDARD = gnu99;
				GCC_DYNAMIC_NO_PIC = NO;
				GCC_NO_COMMON_BLOCKS = YES;
				GCC_OPTIMIZATION_LEVEL = 0;
				GCC_PREPROCESSOR_DEFINITIONS = (
					"DEBUG=1",
					"$(inherited)",
				);
				GCC_WARN_64_TO_32_BIT_CONVERSION = YES;
				GCC_WARN_ABOUT_RETURN_TYPE = YES_ERROR;
				GCC_WARN_UNDECLARED_SELECTOR = YES;
				GCC_WARN_UNINITIALIZED_AUTOS = YES_AGGRESSIVE;
				GCC_WARN_UNUSED_FUNCTION = YES;
				GCC_WARN_UNUSED_VARIABLE = YES;
				HEADER_SEARCH_PATHS = "$(inherited)";
				IPHONEOS_DEPLOYMENT_TARGET = 9.3;
				LIBRARY_SEARCH_PATHS = "$(inherited)";
				MTL_ENABLE_DEBUG_INFO = YES;
				ONLY_ACTIVE_ARCH = YES;
				OTHER_LDFLAGS = (
					"$(inherited)",
					"-ObjC",
				);
				SDKROOT = iphoneos;
				SWIFT_OPTIMIZATION_LEVEL = "-Onone";
				TARGETED_DEVICE_FAMILY = "1,2";
			};
			name = Debug;
		};
		B9C270981D818AA400C7FF15 /* Release */ = {
			isa = XCBuildConfiguration;
			buildSettings = {
				ALWAYS_SEARCH_USER_PATHS = NO;
				CLANG_ANALYZER_NONNULL = YES;
				CLANG_CXX_LANGUAGE_STANDARD = "gnu++0x";
				CLANG_CXX_LIBRARY = "libc++";
				CLANG_ENABLE_MODULES = YES;
				CLANG_ENABLE_OBJC_ARC = YES;
				CLANG_WARN_BOOL_CONVERSION = YES;
				CLANG_WARN_CONSTANT_CONVERSION = YES;
				CLANG_WARN_DIRECT_OBJC_ISA_USAGE = YES_ERROR;
				CLANG_WARN_EMPTY_BODY = YES;
				CLANG_WARN_ENUM_CONVERSION = YES;
				CLANG_WARN_INFINITE_RECURSION = YES;
				CLANG_WARN_INT_CONVERSION = YES;
				CLANG_WARN_OBJC_ROOT_CLASS = YES_ERROR;
				CLANG_WARN_SUSPICIOUS_MOVE = YES;
				CLANG_WARN_UNREACHABLE_CODE = YES;
				CLANG_WARN__DUPLICATE_METHOD_MATCH = YES;
				"CODE_SIGN_IDENTITY[sdk=iphoneos*]" = "iPhone Developer";
				COPY_PHASE_STRIP = NO;
				DEBUG_INFORMATION_FORMAT = "dwarf-with-dsym";
				ENABLE_NS_ASSERTIONS = NO;
				ENABLE_STRICT_OBJC_MSGSEND = YES;
				FRAMEWORK_SEARCH_PATHS = "$(inherited)";
				GCC_C_LANGUAGE_STANDARD = gnu99;
				GCC_NO_COMMON_BLOCKS = YES;
				GCC_WARN_64_TO_32_BIT_CONVERSION = YES;
				GCC_WARN_ABOUT_RETURN_TYPE = YES_ERROR;
				GCC_WARN_UNDECLARED_SELECTOR = YES;
				GCC_WARN_UNINITIALIZED_AUTOS = YES_AGGRESSIVE;
				GCC_WARN_UNUSED_FUNCTION = YES;
				GCC_WARN_UNUSED_VARIABLE = YES;
				HEADER_SEARCH_PATHS = "$(inherited)";
				IPHONEOS_DEPLOYMENT_TARGET = 9.3;
				LIBRARY_SEARCH_PATHS = "$(inherited)";
				MTL_ENABLE_DEBUG_INFO = NO;
				OTHER_LDFLAGS = (
					"$(inherited)",
					"-ObjC",
				);
				SDKROOT = iphoneos;
				SWIFT_OPTIMIZATION_LEVEL = "-Owholemodule";
				TARGETED_DEVICE_FAMILY = "1,2";
				VALIDATE_PRODUCT = YES;
			};
			name = Release;
		};
		B9C2709A1D818AA400C7FF15 /* Debug */ = {
			isa = XCBuildConfiguration;
			buildSettings = {
				ASSETCATALOG_COMPILER_APPICON_NAME = AppIcon;
				CODE_SIGN_IDENTITY = "iPhone Developer";
				DEVELOPMENT_TEAM = 3UBVG2WUJQ;
				ENABLE_BITCODE = NO;
				FRAMEWORK_SEARCH_PATHS = (
					"$(inherited)",
					"$(PROJECT_DIR)",
				);
				INFOPLIST_FILE = appodeal_ios_demo_swift_app/Info.plist;
				LD_RUNPATH_SEARCH_PATHS = "$(inherited) @executable_path/Frameworks";
				LIBRARY_SEARCH_PATHS = "$(inherited)";
				OTHER_LDFLAGS = "-ObjC";
				PRODUCT_BUNDLE_IDENTIFIER = com.appodeal.sandbox;
				PRODUCT_NAME = "$(TARGET_NAME)";
				SWIFT_VERSION = 3.0;
			};
			name = Debug;
		};
		B9C2709B1D818AA400C7FF15 /* Release */ = {
			isa = XCBuildConfiguration;
			buildSettings = {
				ASSETCATALOG_COMPILER_APPICON_NAME = AppIcon;
				CODE_SIGN_IDENTITY = "iPhone Developer";
				DEVELOPMENT_TEAM = 3UBVG2WUJQ;
				ENABLE_BITCODE = NO;
				FRAMEWORK_SEARCH_PATHS = (
					"$(inherited)",
					"$(PROJECT_DIR)",
				);
				INFOPLIST_FILE = appodeal_ios_demo_swift_app/Info.plist;
				LD_RUNPATH_SEARCH_PATHS = "$(inherited) @executable_path/Frameworks";
				LIBRARY_SEARCH_PATHS = "$(inherited)";
				OTHER_LDFLAGS = "-ObjC";
				PRODUCT_BUNDLE_IDENTIFIER = com.appodeal.sandbox;
				PRODUCT_NAME = "$(TARGET_NAME)";
				SWIFT_VERSION = 3.0;
			};
			name = Release;
		};
/* End XCBuildConfiguration section */

/* Begin XCConfigurationList section */
		B9C270821D818AA400C7FF15 /* Build configuration list for PBXProject "appodeal_ios_demo_swift_app" */ = {
			isa = XCConfigurationList;
			buildConfigurations = (
				B9C270971D818AA400C7FF15 /* Debug */,
				B9C270981D818AA400C7FF15 /* Release */,
			);
			defaultConfigurationIsVisible = 0;
			defaultConfigurationName = Release;
		};
		B9C270991D818AA400C7FF15 /* Build configuration list for PBXNativeTarget "appodeal_ios_demo_swift_app" */ = {
			isa = XCConfigurationList;
			buildConfigurations = (
				B9C2709A1D818AA400C7FF15 /* Debug */,
				B9C2709B1D818AA400C7FF15 /* Release */,
			);
			defaultConfigurationIsVisible = 0;
			defaultConfigurationName = Release;
		};
/* End XCConfigurationList section */
	};
	rootObject = B9C2707F1D818AA400C7FF15 /* Project object */;
}
