// !$*UTF8*$!
{
	archiveVersion = 1;
	classes = {
	};
	objectVersion = 46;
	objects = {

/* Begin PBXBuildFile section */
		9C8192EC1E376A06002B347E /* StoreKit.framework in Frameworks */ = {isa = PBXBuildFile; fileRef = 9C8192EB1E376A06002B347E /* StoreKit.framework */; };
		B90EC5681D5B00C700182B20 /* APDViewModel.m in Sources */ = {isa = PBXBuildFile; fileRef = B90EC5671D5B00C700182B20 /* APDViewModel.m */; };
		B91581DE1D0FD985000FC33F /* MASCompositeConstraint.m in Sources */ = {isa = PBXBuildFile; fileRef = B91581C31D0FD985000FC33F /* MASCompositeConstraint.m */; };
		B91581DF1D0FD985000FC33F /* MASConstraint.m in Sources */ = {isa = PBXBuildFile; fileRef = B91581C61D0FD985000FC33F /* MASConstraint.m */; };
		B91581E01D0FD985000FC33F /* MASConstraintMaker.m in Sources */ = {isa = PBXBuildFile; fileRef = B91581C81D0FD985000FC33F /* MASConstraintMaker.m */; };
		B91581E11D0FD985000FC33F /* MASLayoutConstraint.m in Sources */ = {isa = PBXBuildFile; fileRef = B91581CA1D0FD985000FC33F /* MASLayoutConstraint.m */; };
		B91581E21D0FD985000FC33F /* MASViewAttribute.m in Sources */ = {isa = PBXBuildFile; fileRef = B91581CE1D0FD985000FC33F /* MASViewAttribute.m */; };
		B91581E31D0FD985000FC33F /* MASViewConstraint.m in Sources */ = {isa = PBXBuildFile; fileRef = B91581D01D0FD985000FC33F /* MASViewConstraint.m */; };
		B91581E41D0FD985000FC33F /* NSArray+MASAdditions.m in Sources */ = {isa = PBXBuildFile; fileRef = B91581D21D0FD985000FC33F /* NSArray+MASAdditions.m */; };
		B91581E51D0FD985000FC33F /* NSLayoutConstraint+MASDebugAdditions.m in Sources */ = {isa = PBXBuildFile; fileRef = B91581D51D0FD985000FC33F /* NSLayoutConstraint+MASDebugAdditions.m */; };
		B91581E61D0FD985000FC33F /* View+MASAdditions.m in Sources */ = {isa = PBXBuildFile; fileRef = B91581D71D0FD985000FC33F /* View+MASAdditions.m */; };
		B91581E71D0FD985000FC33F /* ViewController+MASAdditions.m in Sources */ = {isa = PBXBuildFile; fileRef = B91581DA1D0FD985000FC33F /* ViewController+MASAdditions.m */; };
		B91581E81D0FD985000FC33F /* UIView+Toast.m in Sources */ = {isa = PBXBuildFile; fileRef = B91581DD1D0FD985000FC33F /* UIView+Toast.m */; };
		B923388E1D0AA58D00AC37D1 /* main.m in Sources */ = {isa = PBXBuildFile; fileRef = B923388D1D0AA58D00AC37D1 /* main.m */; };
		B92338911D0AA58D00AC37D1 /* AppDelegate.m in Sources */ = {isa = PBXBuildFile; fileRef = B92338901D0AA58D00AC37D1 /* AppDelegate.m */; };
		B92338991D0AA58D00AC37D1 /* Assets.xcassets in Resources */ = {isa = PBXBuildFile; fileRef = B92338981D0AA58D00AC37D1 /* Assets.xcassets */; };
		B923389C1D0AA58D00AC37D1 /* LaunchScreen.storyboard in Resources */ = {isa = PBXBuildFile; fileRef = B923389A1D0AA58D00AC37D1 /* LaunchScreen.storyboard */; };
		B92338A71D0AAB1100AC37D1 /* APDStartScreenViewController.m in Sources */ = {isa = PBXBuildFile; fileRef = B92338A61D0AAB1100AC37D1 /* APDStartScreenViewController.m */; };
		B92338AF1D0AAB8A00AC37D1 /* APDRootViewController.m in Sources */ = {isa = PBXBuildFile; fileRef = B92338AE1D0AAB8A00AC37D1 /* APDRootViewController.m */; };
		B92338B31D0AABB700AC37D1 /* APDRootView.m in Sources */ = {isa = PBXBuildFile; fileRef = B92338B21D0AABB700AC37D1 /* APDRootView.m */; };
		B92338BD1D0AAFB800AC37D1 /* APDInitilizeViewController.m in Sources */ = {isa = PBXBuildFile; fileRef = B92338BC1D0AAFB800AC37D1 /* APDInitilizeViewController.m */; };
		B92338C61D0AF91C00AC37D1 /* AdSupport.framework in Frameworks */ = {isa = PBXBuildFile; fileRef = B92338C51D0AF91C00AC37D1 /* AdSupport.framework */; };
		B92338C81D0AF92300AC37D1 /* AudioToolbox.framework in Frameworks */ = {isa = PBXBuildFile; fileRef = B92338C71D0AF92300AC37D1 /* AudioToolbox.framework */; };
		B92338CA1D0AF92900AC37D1 /* AVFoundation.framework in Frameworks */ = {isa = PBXBuildFile; fileRef = B92338C91D0AF92900AC37D1 /* AVFoundation.framework */; };
		B92338CC1D0AF93100AC37D1 /* CFNetwork.framework in Frameworks */ = {isa = PBXBuildFile; fileRef = B92338CB1D0AF93100AC37D1 /* CFNetwork.framework */; };
		B92338CE1D0AF93800AC37D1 /* CoreFoundation.framework in Frameworks */ = {isa = PBXBuildFile; fileRef = B92338CD1D0AF93800AC37D1 /* CoreFoundation.framework */; };
		B92338D01D0AF93F00AC37D1 /* CoreGraphics.framework in Frameworks */ = {isa = PBXBuildFile; fileRef = B92338CF1D0AF93F00AC37D1 /* CoreGraphics.framework */; };
		B92338D61D0AF95D00AC37D1 /* CoreImage.framework in Frameworks */ = {isa = PBXBuildFile; fileRef = B92338D11D0AF95D00AC37D1 /* CoreImage.framework */; };
		B92338D71D0AF95D00AC37D1 /* CoreLocation.framework in Frameworks */ = {isa = PBXBuildFile; fileRef = B92338D21D0AF95D00AC37D1 /* CoreLocation.framework */; };
		B92338D81D0AF95D00AC37D1 /* CoreMedia.framework in Frameworks */ = {isa = PBXBuildFile; fileRef = B92338D31D0AF95D00AC37D1 /* CoreMedia.framework */; };
		B92338D91D0AF95D00AC37D1 /* CoreMotion.framework in Frameworks */ = {isa = PBXBuildFile; fileRef = B92338D41D0AF95D00AC37D1 /* CoreMotion.framework */; };
		B92338DA1D0AF95D00AC37D1 /* CoreTelephony.framework in Frameworks */ = {isa = PBXBuildFile; fileRef = B92338D51D0AF95D00AC37D1 /* CoreTelephony.framework */; };
		B92338DD1D0AF96600AC37D1 /* EventKit.framework in Frameworks */ = {isa = PBXBuildFile; fileRef = B92338DB1D0AF96600AC37D1 /* EventKit.framework */; };
		B92338DE1D0AF96600AC37D1 /* EventKitUI.framework in Frameworks */ = {isa = PBXBuildFile; fileRef = B92338DC1D0AF96600AC37D1 /* EventKitUI.framework */; };
		B92338E01D0AF97700AC37D1 /* JavaScriptCore.framework in Frameworks */ = {isa = PBXBuildFile; fileRef = B92338DF1D0AF97700AC37D1 /* JavaScriptCore.framework */; };
		B92338E21D0AF97F00AC37D1 /* libc++.tbd in Frameworks */ = {isa = PBXBuildFile; fileRef = B92338E11D0AF97F00AC37D1 /* libc++.tbd */; };
		B92338E41D0AF98B00AC37D1 /* libsqlite3.tbd in Frameworks */ = {isa = PBXBuildFile; fileRef = B92338E31D0AF98B00AC37D1 /* libsqlite3.tbd */; };
		B92338E61D0AF99700AC37D1 /* libxml2.2.tbd in Frameworks */ = {isa = PBXBuildFile; fileRef = B92338E51D0AF99700AC37D1 /* libxml2.2.tbd */; };
		B92338E81D0AF9A000AC37D1 /* libz.tbd in Frameworks */ = {isa = PBXBuildFile; fileRef = B92338E71D0AF9A000AC37D1 /* libz.tbd */; };
		B92338EA1D0AF9A900AC37D1 /* MediaPlayer.framework in Frameworks */ = {isa = PBXBuildFile; fileRef = B92338E91D0AF9A900AC37D1 /* MediaPlayer.framework */; };
		B92338EC1D0AF9B300AC37D1 /* MessageUI.framework in Frameworks */ = {isa = PBXBuildFile; fileRef = B92338EB1D0AF9B300AC37D1 /* MessageUI.framework */; };
		B92338EE1D0AF9BD00AC37D1 /* MobileCoreServices.framework in Frameworks */ = {isa = PBXBuildFile; fileRef = B92338ED1D0AF9BD00AC37D1 /* MobileCoreServices.framework */; };
		B92338F01D0AF9C400AC37D1 /* QuartzCore.framework in Frameworks */ = {isa = PBXBuildFile; fileRef = B92338EF1D0AF9C400AC37D1 /* QuartzCore.framework */; };
		B92338F21D0AF9CB00AC37D1 /* SafariServices.framework in Frameworks */ = {isa = PBXBuildFile; fileRef = B92338F11D0AF9CB00AC37D1 /* SafariServices.framework */; };
		B92338F41D0AF9D300AC37D1 /* Security.framework in Frameworks */ = {isa = PBXBuildFile; fileRef = B92338F31D0AF9D300AC37D1 /* Security.framework */; };
		B92338F61D0AF9DB00AC37D1 /* Social.framework in Frameworks */ = {isa = PBXBuildFile; fileRef = B92338F51D0AF9DB00AC37D1 /* Social.framework */; };
		B92338FA1D0AF9EC00AC37D1 /* SystemConfiguration.framework in Frameworks */ = {isa = PBXBuildFile; fileRef = B92338F91D0AF9EC00AC37D1 /* SystemConfiguration.framework */; };
		B92338FC1D0AF9F500AC37D1 /* Twitter.framework in Frameworks */ = {isa = PBXBuildFile; fileRef = B92338FB1D0AF9F500AC37D1 /* Twitter.framework */; };
		B92338FE1D0AF9FC00AC37D1 /* UIKit.framework in Frameworks */ = {isa = PBXBuildFile; fileRef = B92338FD1D0AF9FC00AC37D1 /* UIKit.framework */; };
		B92339001D0AFA0200AC37D1 /* WebKit.framework in Frameworks */ = {isa = PBXBuildFile; fileRef = B92338FF1D0AFA0200AC37D1 /* WebKit.framework */; };
		B92339021D0AFA0700AC37D1 /* CoreBluetooth.framework in Frameworks */ = {isa = PBXBuildFile; fileRef = B92339011D0AFA0700AC37D1 /* CoreBluetooth.framework */; };
		B923562C1F06431000CDC1A4 /* APDOnLoad.m in Sources */ = {isa = PBXBuildFile; fileRef = B923562B1F06431000CDC1A4 /* APDOnLoad.m */; };
		B928038A1D0ED1240043CA68 /* AppodealToast.m in Sources */ = {isa = PBXBuildFile; fileRef = B92803891D0ED1240043CA68 /* AppodealToast.m */; };
		B935530A1D77487E00C11662 /* GLKit.framework in Frameworks */ = {isa = PBXBuildFile; fileRef = B93553091D77487E00C11662 /* GLKit.framework */; };
		B93895701D745EAD0048E85A /* APDSVC.m in Sources */ = {isa = PBXBuildFile; fileRef = B938956F1D745EAD0048E85A /* APDSVC.m */; };
		B97A5D681DA510E7001784A4 /* CoreText.framework in Frameworks */ = {isa = PBXBuildFile; fileRef = B97A5D671DA510E7001784A4 /* CoreText.framework */; };
		B992E5251F28C50500D5181C /* ImageIO.framework in Frameworks */ = {isa = PBXBuildFile; fileRef = B992E5241F28C50500D5181C /* ImageIO.framework */; };
		B99508BA1D59AFA4005AEF1F /* APDCustomContentViewController.m in Sources */ = {isa = PBXBuildFile; fileRef = B99508B91D59AFA4005AEF1F /* APDCustomContentViewController.m */; };
		B99508C11D59B859005AEF1F /* APDCustomNativeView.m in Sources */ = {isa = PBXBuildFile; fileRef = B99508C01D59B859005AEF1F /* APDCustomNativeView.m */; };
		B99508C51D59CF6C005AEF1F /* RSSModel.m in Sources */ = {isa = PBXBuildFile; fileRef = B99508C41D59CF6C005AEF1F /* RSSModel.m */; };
		B99508C81D59CF7B005AEF1F /* RSSStream.m in Sources */ = {isa = PBXBuildFile; fileRef = B99508C71D59CF7B005AEF1F /* RSSStream.m */; };
		B99508D71D59D0CE005AEF1F /* GTMNSString+HTML.m in Sources */ = {isa = PBXBuildFile; fileRef = B99508CB1D59D0CE005AEF1F /* GTMNSString+HTML.m */; };
		B99508D81D59D0CE005AEF1F /* MWFeedInfo.m in Sources */ = {isa = PBXBuildFile; fileRef = B99508CD1D59D0CE005AEF1F /* MWFeedInfo.m */; };
		B99508D91D59D0CE005AEF1F /* MWFeedItem.m in Sources */ = {isa = PBXBuildFile; fileRef = B99508CF1D59D0CE005AEF1F /* MWFeedItem.m */; };
		B99508DA1D59D0CE005AEF1F /* MWFeedParser.m in Sources */ = {isa = PBXBuildFile; fileRef = B99508D11D59D0CE005AEF1F /* MWFeedParser.m */; };
		B99508DB1D59D0CE005AEF1F /* NSDate+InternetDateTime.m in Sources */ = {isa = PBXBuildFile; fileRef = B99508D41D59D0CE005AEF1F /* NSDate+InternetDateTime.m */; };
		B99508DC1D59D0CE005AEF1F /* NSString+HTML.m in Sources */ = {isa = PBXBuildFile; fileRef = B99508D61D59D0CE005AEF1F /* NSString+HTML.m */; };
		B99508EB1D59E9E5005AEF1F /* APDGeoView.m in Sources */ = {isa = PBXBuildFile; fileRef = B99508E81D59E9E5005AEF1F /* APDGeoView.m */; };
		B99508EC1D59E9E5005AEF1F /* APDGeoViewController.m in Sources */ = {isa = PBXBuildFile; fileRef = B99508EA1D59E9E5005AEF1F /* APDGeoViewController.m */; };
		B99508F81D59EA39005AEF1F /* APDVideoView.m in Sources */ = {isa = PBXBuildFile; fileRef = B99508F51D59EA39005AEF1F /* APDVideoView.m */; };
		B99508F91D59EA39005AEF1F /* APDVideoViewController.m in Sources */ = {isa = PBXBuildFile; fileRef = B99508F71D59EA39005AEF1F /* APDVideoViewController.m */; };
		B99509051D59EAA2005AEF1F /* APDTimerView.m in Sources */ = {isa = PBXBuildFile; fileRef = B99509021D59EAA2005AEF1F /* APDTimerView.m */; };
		B99509061D59EAA2005AEF1F /* APDTimerViewController.m in Sources */ = {isa = PBXBuildFile; fileRef = B99509041D59EAA2005AEF1F /* APDTimerViewController.m */; };
		B99509121D59EAD4005AEF1F /* APDAudioRecordingView.m in Sources */ = {isa = PBXBuildFile; fileRef = B995090F1D59EAD4005AEF1F /* APDAudioRecordingView.m */; };
		B99509131D59EAD4005AEF1F /* APDAudioRecordingViewController.m in Sources */ = {isa = PBXBuildFile; fileRef = B99509111D59EAD4005AEF1F /* APDAudioRecordingViewController.m */; };
		B995091F1D59EB17005AEF1F /* APDBluetoothView.m in Sources */ = {isa = PBXBuildFile; fileRef = B995091C1D59EB17005AEF1F /* APDBluetoothView.m */; };
		B99509201D59EB17005AEF1F /* APDBluetoothViewController.m in Sources */ = {isa = PBXBuildFile; fileRef = B995091E1D59EB17005AEF1F /* APDBluetoothViewController.m */; };
		B995092C1D59EB57005AEF1F /* APDPhoneCallView.m in Sources */ = {isa = PBXBuildFile; fileRef = B99509291D59EB57005AEF1F /* APDPhoneCallView.m */; };
		B995092D1D59EB57005AEF1F /* APDPhoneCallViewController.m in Sources */ = {isa = PBXBuildFile; fileRef = B995092B1D59EB57005AEF1F /* APDPhoneCallViewController.m */; };
		B99509391D59EBA2005AEF1F /* APDBannerHiddenView.m in Sources */ = {isa = PBXBuildFile; fileRef = B99509361D59EBA2005AEF1F /* APDBannerHiddenView.m */; };
		B995093A1D59EBA2005AEF1F /* APDBannerHiddenViewController.m in Sources */ = {isa = PBXBuildFile; fileRef = B99509381D59EBA2005AEF1F /* APDBannerHiddenViewController.m */; };
		B99509461D59EBFF005AEF1F /* APDInterstitialDoubleView.m in Sources */ = {isa = PBXBuildFile; fileRef = B99509431D59EBFF005AEF1F /* APDInterstitialDoubleView.m */; };
		B99509471D59EBFF005AEF1F /* APDInterstitialDoubleViewController.m in Sources */ = {isa = PBXBuildFile; fileRef = B99509451D59EBFF005AEF1F /* APDInterstitialDoubleViewController.m */; };
		B99509531D59EC5E005AEF1F /* APDTripleBanerView.m in Sources */ = {isa = PBXBuildFile; fileRef = B99509501D59EC5E005AEF1F /* APDTripleBanerView.m */; };
		B99509541D59EC5E005AEF1F /* APDTripleBannerViewController.m in Sources */ = {isa = PBXBuildFile; fileRef = B99509521D59EC5E005AEF1F /* APDTripleBannerViewController.m */; };
		B99509611D59ECB0005AEF1F /* APDVideoHiddenView.m in Sources */ = {isa = PBXBuildFile; fileRef = B995095E1D59ECB0005AEF1F /* APDVideoHiddenView.m */; };
		B99509621D59ECB0005AEF1F /* APDVideoHiddenViewController.m in Sources */ = {isa = PBXBuildFile; fileRef = B99509601D59ECB0005AEF1F /* APDVideoHiddenViewController.m */; };
		B995097E1D5A26B8005AEF1F /* APDViewabillityPresentationViewController.m in Sources */ = {isa = PBXBuildFile; fileRef = B995097D1D5A26B8005AEF1F /* APDViewabillityPresentationViewController.m */; };
		B99509841D5A2740005AEF1F /* APDViewabillityPresentationView.m in Sources */ = {isa = PBXBuildFile; fileRef = B99509831D5A2740005AEF1F /* APDViewabillityPresentationView.m */; };
		B99509871D5A278A005AEF1F /* APDBackgoundWorkPresentationView.m in Sources */ = {isa = PBXBuildFile; fileRef = B99509861D5A278A005AEF1F /* APDBackgoundWorkPresentationView.m */; };
		B995098B1D5A27C5005AEF1F /* APDBackgroundWorkPresentationViewController.m in Sources */ = {isa = PBXBuildFile; fileRef = B995098A1D5A27C5005AEF1F /* APDBackgroundWorkPresentationViewController.m */; };
		B9CA38441D10076200A5F3B4 /* APDMRECViewController.m in Sources */ = {isa = PBXBuildFile; fileRef = B9CA38431D10076200A5F3B4 /* APDMRECViewController.m */; };
		B9CA384F1D10182400A5F3B4 /* APDNativeShowStyleViewController.m in Sources */ = {isa = PBXBuildFile; fileRef = B9CA384E1D10182400A5F3B4 /* APDNativeShowStyleViewController.m */; };
		B9D9D9831DDEE81B00DC028B /* APDDisableNetworkViewController.m in Sources */ = {isa = PBXBuildFile; fileRef = B9D9D9821DDEE81B00DC028B /* APDDisableNetworkViewController.m */; };
		B9D9D98C1DDF1C0900DC028B /* APDDemoModel.m in Sources */ = {isa = PBXBuildFile; fileRef = B9D9D98B1DDF1C0900DC028B /* APDDemoModel.m */; };
		B9D9D98F1DDF2E5F00DC028B /* APDHUBViewController.m in Sources */ = {isa = PBXBuildFile; fileRef = B9D9D98E1DDF2E5F00DC028B /* APDHUBViewController.m */; };
		B9D9D9921DDF412C00DC028B /* APDBannerViewController.m in Sources */ = {isa = PBXBuildFile; fileRef = B9D9D9911DDF412C00DC028B /* APDBannerViewController.m */; };
		B9E0CAE31D17EF94009A7079 /* HNKCache.m in Sources */ = {isa = PBXBuildFile; fileRef = B9E0CAD41D17EF94009A7079 /* HNKCache.m */; };
		B9E0CAE41D17EF94009A7079 /* HNKDiskCache.m in Sources */ = {isa = PBXBuildFile; fileRef = B9E0CAD61D17EF94009A7079 /* HNKDiskCache.m */; };
		B9E0CAE51D17EF94009A7079 /* HNKDiskFetcher.m in Sources */ = {isa = PBXBuildFile; fileRef = B9E0CAD81D17EF94009A7079 /* HNKDiskFetcher.m */; };
		B9E0CAE61D17EF94009A7079 /* HNKNetworkFetcher.m in Sources */ = {isa = PBXBuildFile; fileRef = B9E0CADA1D17EF94009A7079 /* HNKNetworkFetcher.m */; };
		B9E0CAE71D17EF94009A7079 /* HNKSimpleFetcher.m in Sources */ = {isa = PBXBuildFile; fileRef = B9E0CADC1D17EF94009A7079 /* HNKSimpleFetcher.m */; };
		B9E0CAE81D17EF94009A7079 /* UIButton+Haneke.m in Sources */ = {isa = PBXBuildFile; fileRef = B9E0CADE1D17EF94009A7079 /* UIButton+Haneke.m */; };
		B9E0CAE91D17EF94009A7079 /* UIImageView+Haneke.m in Sources */ = {isa = PBXBuildFile; fileRef = B9E0CAE01D17EF94009A7079 /* UIImageView+Haneke.m */; };
		B9E0CAEA1D17EF94009A7079 /* UIView+Haneke.m in Sources */ = {isa = PBXBuildFile; fileRef = B9E0CAE21D17EF94009A7079 /* UIView+Haneke.m */; };
		B9F5DC0F1D5C572300C3B54A /* UIView+APD_Spinner.m in Sources */ = {isa = PBXBuildFile; fileRef = B9F5DC0E1D5C572300C3B54A /* UIView+APD_Spinner.m */; };
/* End PBXBuildFile section */

/* Begin PBXCopyFilesBuildPhase section */
		B9B1E6E91D379D2700A3F8BF /* Embed Frameworks */ = {
			isa = PBXCopyFilesBuildPhase;
			buildActionMask = 2147483647;
			dstPath = "";
			dstSubfolderSpec = 10;
			files = (
			);
			name = "Embed Frameworks";
			runOnlyForDeploymentPostprocessing = 0;
		};
/* End PBXCopyFilesBuildPhase section */

/* Begin PBXFileReference section */
		9C8192EB1E376A06002B347E /* StoreKit.framework */ = {isa = PBXFileReference; lastKnownFileType = wrapper.framework; name = StoreKit.framework; path = System/Library/Frameworks/StoreKit.framework; sourceTree = SDKROOT; };
		B90EC5661D5B00C700182B20 /* APDViewModel.h */ = {isa = PBXFileReference; fileEncoding = 4; lastKnownFileType = sourcecode.c.h; name = APDViewModel.h; path = Root/APDViewModel.h; sourceTree = "<group>"; };
		B90EC5671D5B00C700182B20 /* APDViewModel.m */ = {isa = PBXFileReference; fileEncoding = 4; lastKnownFileType = sourcecode.c.objc; name = APDViewModel.m; path = Root/APDViewModel.m; sourceTree = "<group>"; };
		B91581C21D0FD985000FC33F /* MASCompositeConstraint.h */ = {isa = PBXFileReference; fileEncoding = 4; lastKnownFileType = sourcecode.c.h; path = MASCompositeConstraint.h; sourceTree = "<group>"; };
		B91581C31D0FD985000FC33F /* MASCompositeConstraint.m */ = {isa = PBXFileReference; fileEncoding = 4; lastKnownFileType = sourcecode.c.objc; path = MASCompositeConstraint.m; sourceTree = "<group>"; };
		B91581C41D0FD985000FC33F /* MASConstraint+Private.h */ = {isa = PBXFileReference; fileEncoding = 4; lastKnownFileType = sourcecode.c.h; path = "MASConstraint+Private.h"; sourceTree = "<group>"; };
		B91581C51D0FD985000FC33F /* MASConstraint.h */ = {isa = PBXFileReference; fileEncoding = 4; lastKnownFileType = sourcecode.c.h; path = MASConstraint.h; sourceTree = "<group>"; };
		B91581C61D0FD985000FC33F /* MASConstraint.m */ = {isa = PBXFileReference; fileEncoding = 4; lastKnownFileType = sourcecode.c.objc; path = MASConstraint.m; sourceTree = "<group>"; };
		B91581C71D0FD985000FC33F /* MASConstraintMaker.h */ = {isa = PBXFileReference; fileEncoding = 4; lastKnownFileType = sourcecode.c.h; path = MASConstraintMaker.h; sourceTree = "<group>"; };
		B91581C81D0FD985000FC33F /* MASConstraintMaker.m */ = {isa = PBXFileReference; fileEncoding = 4; lastKnownFileType = sourcecode.c.objc; path = MASConstraintMaker.m; sourceTree = "<group>"; };
		B91581C91D0FD985000FC33F /* MASLayoutConstraint.h */ = {isa = PBXFileReference; fileEncoding = 4; lastKnownFileType = sourcecode.c.h; path = MASLayoutConstraint.h; sourceTree = "<group>"; };
		B91581CA1D0FD985000FC33F /* MASLayoutConstraint.m */ = {isa = PBXFileReference; fileEncoding = 4; lastKnownFileType = sourcecode.c.objc; path = MASLayoutConstraint.m; sourceTree = "<group>"; };
		B91581CB1D0FD985000FC33F /* Masonry.h */ = {isa = PBXFileReference; fileEncoding = 4; lastKnownFileType = sourcecode.c.h; path = Masonry.h; sourceTree = "<group>"; };
		B91581CC1D0FD985000FC33F /* MASUtilities.h */ = {isa = PBXFileReference; fileEncoding = 4; lastKnownFileType = sourcecode.c.h; path = MASUtilities.h; sourceTree = "<group>"; };
		B91581CD1D0FD985000FC33F /* MASViewAttribute.h */ = {isa = PBXFileReference; fileEncoding = 4; lastKnownFileType = sourcecode.c.h; path = MASViewAttribute.h; sourceTree = "<group>"; };
		B91581CE1D0FD985000FC33F /* MASViewAttribute.m */ = {isa = PBXFileReference; fileEncoding = 4; lastKnownFileType = sourcecode.c.objc; path = MASViewAttribute.m; sourceTree = "<group>"; };
		B91581CF1D0FD985000FC33F /* MASViewConstraint.h */ = {isa = PBXFileReference; fileEncoding = 4; lastKnownFileType = sourcecode.c.h; path = MASViewConstraint.h; sourceTree = "<group>"; };
		B91581D01D0FD985000FC33F /* MASViewConstraint.m */ = {isa = PBXFileReference; fileEncoding = 4; lastKnownFileType = sourcecode.c.objc; path = MASViewConstraint.m; sourceTree = "<group>"; };
		B91581D11D0FD985000FC33F /* NSArray+MASAdditions.h */ = {isa = PBXFileReference; fileEncoding = 4; lastKnownFileType = sourcecode.c.h; path = "NSArray+MASAdditions.h"; sourceTree = "<group>"; };
		B91581D21D0FD985000FC33F /* NSArray+MASAdditions.m */ = {isa = PBXFileReference; fileEncoding = 4; lastKnownFileType = sourcecode.c.objc; path = "NSArray+MASAdditions.m"; sourceTree = "<group>"; };
		B91581D31D0FD985000FC33F /* NSArray+MASShorthandAdditions.h */ = {isa = PBXFileReference; fileEncoding = 4; lastKnownFileType = sourcecode.c.h; path = "NSArray+MASShorthandAdditions.h"; sourceTree = "<group>"; };
		B91581D41D0FD985000FC33F /* NSLayoutConstraint+MASDebugAdditions.h */ = {isa = PBXFileReference; fileEncoding = 4; lastKnownFileType = sourcecode.c.h; path = "NSLayoutConstraint+MASDebugAdditions.h"; sourceTree = "<group>"; };
		B91581D51D0FD985000FC33F /* NSLayoutConstraint+MASDebugAdditions.m */ = {isa = PBXFileReference; fileEncoding = 4; lastKnownFileType = sourcecode.c.objc; path = "NSLayoutConstraint+MASDebugAdditions.m"; sourceTree = "<group>"; };
		B91581D61D0FD985000FC33F /* View+MASAdditions.h */ = {isa = PBXFileReference; fileEncoding = 4; lastKnownFileType = sourcecode.c.h; path = "View+MASAdditions.h"; sourceTree = "<group>"; };
		B91581D71D0FD985000FC33F /* View+MASAdditions.m */ = {isa = PBXFileReference; fileEncoding = 4; lastKnownFileType = sourcecode.c.objc; path = "View+MASAdditions.m"; sourceTree = "<group>"; };
		B91581D81D0FD985000FC33F /* View+MASShorthandAdditions.h */ = {isa = PBXFileReference; fileEncoding = 4; lastKnownFileType = sourcecode.c.h; path = "View+MASShorthandAdditions.h"; sourceTree = "<group>"; };
		B91581D91D0FD985000FC33F /* ViewController+MASAdditions.h */ = {isa = PBXFileReference; fileEncoding = 4; lastKnownFileType = sourcecode.c.h; path = "ViewController+MASAdditions.h"; sourceTree = "<group>"; };
		B91581DA1D0FD985000FC33F /* ViewController+MASAdditions.m */ = {isa = PBXFileReference; fileEncoding = 4; lastKnownFileType = sourcecode.c.objc; path = "ViewController+MASAdditions.m"; sourceTree = "<group>"; };
		B91581DC1D0FD985000FC33F /* UIView+Toast.h */ = {isa = PBXFileReference; fileEncoding = 4; lastKnownFileType = sourcecode.c.h; path = "UIView+Toast.h"; sourceTree = "<group>"; };
		B91581DD1D0FD985000FC33F /* UIView+Toast.m */ = {isa = PBXFileReference; fileEncoding = 4; lastKnownFileType = sourcecode.c.objc; path = "UIView+Toast.m"; sourceTree = "<group>"; };
		B92338891D0AA58D00AC37D1 /* appodeal_ios_demo_app.app */ = {isa = PBXFileReference; explicitFileType = wrapper.application; includeInIndex = 0; path = appodeal_ios_demo_app.app; sourceTree = BUILT_PRODUCTS_DIR; };
		B923388D1D0AA58D00AC37D1 /* main.m */ = {isa = PBXFileReference; lastKnownFileType = sourcecode.c.objc; path = main.m; sourceTree = "<group>"; };
		B923388F1D0AA58D00AC37D1 /* AppDelegate.h */ = {isa = PBXFileReference; lastKnownFileType = sourcecode.c.h; path = AppDelegate.h; sourceTree = "<group>"; };
		B92338901D0AA58D00AC37D1 /* AppDelegate.m */ = {isa = PBXFileReference; lastKnownFileType = sourcecode.c.objc; path = AppDelegate.m; sourceTree = "<group>"; };
		B92338981D0AA58D00AC37D1 /* Assets.xcassets */ = {isa = PBXFileReference; lastKnownFileType = folder.assetcatalog; path = Assets.xcassets; sourceTree = "<group>"; };
		B923389B1D0AA58D00AC37D1 /* Base */ = {isa = PBXFileReference; lastKnownFileType = file.storyboard; name = Base; path = Base.lproj/LaunchScreen.storyboard; sourceTree = "<group>"; };
		B923389D1D0AA58D00AC37D1 /* Info.plist */ = {isa = PBXFileReference; lastKnownFileType = text.plist.xml; path = Info.plist; sourceTree = "<group>"; };
		B92338A51D0AAB1100AC37D1 /* APDStartScreenViewController.h */ = {isa = PBXFileReference; fileEncoding = 4; lastKnownFileType = sourcecode.c.h; name = APDStartScreenViewController.h; path = ViewControllers/APDStartScreenViewController.h; sourceTree = "<group>"; };
		B92338A61D0AAB1100AC37D1 /* APDStartScreenViewController.m */ = {isa = PBXFileReference; fileEncoding = 4; lastKnownFileType = sourcecode.c.objc; name = APDStartScreenViewController.m; path = ViewControllers/APDStartScreenViewController.m; sourceTree = "<group>"; };
		B92338AD1D0AAB8A00AC37D1 /* APDRootViewController.h */ = {isa = PBXFileReference; fileEncoding = 4; lastKnownFileType = sourcecode.c.h; name = APDRootViewController.h; path = Root/APDRootViewController.h; sourceTree = "<group>"; };
		B92338AE1D0AAB8A00AC37D1 /* APDRootViewController.m */ = {isa = PBXFileReference; fileEncoding = 4; lastKnownFileType = sourcecode.c.objc; name = APDRootViewController.m; path = Root/APDRootViewController.m; sourceTree = "<group>"; };
		B92338B11D0AABB700AC37D1 /* APDRootView.h */ = {isa = PBXFileReference; fileEncoding = 4; lastKnownFileType = sourcecode.c.h; name = APDRootView.h; path = Root/APDRootView.h; sourceTree = "<group>"; };
		B92338B21D0AABB700AC37D1 /* APDRootView.m */ = {isa = PBXFileReference; fileEncoding = 4; lastKnownFileType = sourcecode.c.objc; name = APDRootView.m; path = Root/APDRootView.m; sourceTree = "<group>"; };
		B92338BB1D0AAFB800AC37D1 /* APDInitilizeViewController.h */ = {isa = PBXFileReference; fileEncoding = 4; lastKnownFileType = sourcecode.c.h; name = APDInitilizeViewController.h; path = ViewControllers/APDInitilizeViewController.h; sourceTree = "<group>"; };
		B92338BC1D0AAFB800AC37D1 /* APDInitilizeViewController.m */ = {isa = PBXFileReference; fileEncoding = 4; lastKnownFileType = sourcecode.c.objc; name = APDInitilizeViewController.m; path = ViewControllers/APDInitilizeViewController.m; sourceTree = "<group>"; };
		B92338C51D0AF91C00AC37D1 /* AdSupport.framework */ = {isa = PBXFileReference; lastKnownFileType = wrapper.framework; name = AdSupport.framework; path = System/Library/Frameworks/AdSupport.framework; sourceTree = SDKROOT; };
		B92338C71D0AF92300AC37D1 /* AudioToolbox.framework */ = {isa = PBXFileReference; lastKnownFileType = wrapper.framework; name = AudioToolbox.framework; path = System/Library/Frameworks/AudioToolbox.framework; sourceTree = SDKROOT; };
		B92338C91D0AF92900AC37D1 /* AVFoundation.framework */ = {isa = PBXFileReference; lastKnownFileType = wrapper.framework; name = AVFoundation.framework; path = System/Library/Frameworks/AVFoundation.framework; sourceTree = SDKROOT; };
		B92338CB1D0AF93100AC37D1 /* CFNetwork.framework */ = {isa = PBXFileReference; lastKnownFileType = wrapper.framework; name = CFNetwork.framework; path = System/Library/Frameworks/CFNetwork.framework; sourceTree = SDKROOT; };
		B92338CD1D0AF93800AC37D1 /* CoreFoundation.framework */ = {isa = PBXFileReference; lastKnownFileType = wrapper.framework; name = CoreFoundation.framework; path = System/Library/Frameworks/CoreFoundation.framework; sourceTree = SDKROOT; };
		B92338CF1D0AF93F00AC37D1 /* CoreGraphics.framework */ = {isa = PBXFileReference; lastKnownFileType = wrapper.framework; name = CoreGraphics.framework; path = System/Library/Frameworks/CoreGraphics.framework; sourceTree = SDKROOT; };
		B92338D11D0AF95D00AC37D1 /* CoreImage.framework */ = {isa = PBXFileReference; lastKnownFileType = wrapper.framework; name = CoreImage.framework; path = System/Library/Frameworks/CoreImage.framework; sourceTree = SDKROOT; };
		B92338D21D0AF95D00AC37D1 /* CoreLocation.framework */ = {isa = PBXFileReference; lastKnownFileType = wrapper.framework; name = CoreLocation.framework; path = System/Library/Frameworks/CoreLocation.framework; sourceTree = SDKROOT; };
		B92338D31D0AF95D00AC37D1 /* CoreMedia.framework */ = {isa = PBXFileReference; lastKnownFileType = wrapper.framework; name = CoreMedia.framework; path = System/Library/Frameworks/CoreMedia.framework; sourceTree = SDKROOT; };
		B92338D41D0AF95D00AC37D1 /* CoreMotion.framework */ = {isa = PBXFileReference; lastKnownFileType = wrapper.framework; name = CoreMotion.framework; path = System/Library/Frameworks/CoreMotion.framework; sourceTree = SDKROOT; };
		B92338D51D0AF95D00AC37D1 /* CoreTelephony.framework */ = {isa = PBXFileReference; lastKnownFileType = wrapper.framework; name = CoreTelephony.framework; path = System/Library/Frameworks/CoreTelephony.framework; sourceTree = SDKROOT; };
		B92338DB1D0AF96600AC37D1 /* EventKit.framework */ = {isa = PBXFileReference; lastKnownFileType = wrapper.framework; name = EventKit.framework; path = System/Library/Frameworks/EventKit.framework; sourceTree = SDKROOT; };
		B92338DC1D0AF96600AC37D1 /* EventKitUI.framework */ = {isa = PBXFileReference; lastKnownFileType = wrapper.framework; name = EventKitUI.framework; path = System/Library/Frameworks/EventKitUI.framework; sourceTree = SDKROOT; };
		B92338DF1D0AF97700AC37D1 /* JavaScriptCore.framework */ = {isa = PBXFileReference; lastKnownFileType = wrapper.framework; name = JavaScriptCore.framework; path = System/Library/Frameworks/JavaScriptCore.framework; sourceTree = SDKROOT; };
		B92338E11D0AF97F00AC37D1 /* libc++.tbd */ = {isa = PBXFileReference; lastKnownFileType = "sourcecode.text-based-dylib-definition"; name = "libc++.tbd"; path = "usr/lib/libc++.tbd"; sourceTree = SDKROOT; };
		B92338E31D0AF98B00AC37D1 /* libsqlite3.tbd */ = {isa = PBXFileReference; lastKnownFileType = "sourcecode.text-based-dylib-definition"; name = libsqlite3.tbd; path = usr/lib/libsqlite3.tbd; sourceTree = SDKROOT; };
		B92338E51D0AF99700AC37D1 /* libxml2.2.tbd */ = {isa = PBXFileReference; lastKnownFileType = "sourcecode.text-based-dylib-definition"; name = libxml2.2.tbd; path = usr/lib/libxml2.2.tbd; sourceTree = SDKROOT; };
		B92338E71D0AF9A000AC37D1 /* libz.tbd */ = {isa = PBXFileReference; lastKnownFileType = "sourcecode.text-based-dylib-definition"; name = libz.tbd; path = usr/lib/libz.tbd; sourceTree = SDKROOT; };
		B92338E91D0AF9A900AC37D1 /* MediaPlayer.framework */ = {isa = PBXFileReference; lastKnownFileType = wrapper.framework; name = MediaPlayer.framework; path = System/Library/Frameworks/MediaPlayer.framework; sourceTree = SDKROOT; };
		B92338EB1D0AF9B300AC37D1 /* MessageUI.framework */ = {isa = PBXFileReference; lastKnownFileType = wrapper.framework; name = MessageUI.framework; path = System/Library/Frameworks/MessageUI.framework; sourceTree = SDKROOT; };
		B92338ED1D0AF9BD00AC37D1 /* MobileCoreServices.framework */ = {isa = PBXFileReference; lastKnownFileType = wrapper.framework; name = MobileCoreServices.framework; path = System/Library/Frameworks/MobileCoreServices.framework; sourceTree = SDKROOT; };
		B92338EF1D0AF9C400AC37D1 /* QuartzCore.framework */ = {isa = PBXFileReference; lastKnownFileType = wrapper.framework; name = QuartzCore.framework; path = System/Library/Frameworks/QuartzCore.framework; sourceTree = SDKROOT; };
		B92338F11D0AF9CB00AC37D1 /* SafariServices.framework */ = {isa = PBXFileReference; lastKnownFileType = wrapper.framework; name = SafariServices.framework; path = System/Library/Frameworks/SafariServices.framework; sourceTree = SDKROOT; };
		B92338F31D0AF9D300AC37D1 /* Security.framework */ = {isa = PBXFileReference; lastKnownFileType = wrapper.framework; name = Security.framework; path = System/Library/Frameworks/Security.framework; sourceTree = SDKROOT; };
		B92338F51D0AF9DB00AC37D1 /* Social.framework */ = {isa = PBXFileReference; lastKnownFileType = wrapper.framework; name = Social.framework; path = System/Library/Frameworks/Social.framework; sourceTree = SDKROOT; };
		B92338F91D0AF9EC00AC37D1 /* SystemConfiguration.framework */ = {isa = PBXFileReference; lastKnownFileType = wrapper.framework; name = SystemConfiguration.framework; path = System/Library/Frameworks/SystemConfiguration.framework; sourceTree = SDKROOT; };
		B92338FB1D0AF9F500AC37D1 /* Twitter.framework */ = {isa = PBXFileReference; lastKnownFileType = wrapper.framework; name = Twitter.framework; path = System/Library/Frameworks/Twitter.framework; sourceTree = SDKROOT; };
		B92338FD1D0AF9FC00AC37D1 /* UIKit.framework */ = {isa = PBXFileReference; lastKnownFileType = wrapper.framework; name = UIKit.framework; path = System/Library/Frameworks/UIKit.framework; sourceTree = SDKROOT; };
		B92338FF1D0AFA0200AC37D1 /* WebKit.framework */ = {isa = PBXFileReference; lastKnownFileType = wrapper.framework; name = WebKit.framework; path = System/Library/Frameworks/WebKit.framework; sourceTree = SDKROOT; };
		B92339011D0AFA0700AC37D1 /* CoreBluetooth.framework */ = {isa = PBXFileReference; lastKnownFileType = wrapper.framework; name = CoreBluetooth.framework; path = System/Library/Frameworks/CoreBluetooth.framework; sourceTree = SDKROOT; };
		B923562A1F06431000CDC1A4 /* APDOnLoad.h */ = {isa = PBXFileReference; fileEncoding = 4; lastKnownFileType = sourcecode.c.h; path = APDOnLoad.h; sourceTree = "<group>"; };
		B923562B1F06431000CDC1A4 /* APDOnLoad.m */ = {isa = PBXFileReference; fileEncoding = 4; lastKnownFileType = sourcecode.c.objc; path = APDOnLoad.m; sourceTree = "<group>"; };
		B92803881D0ED1240043CA68 /* AppodealToast.h */ = {isa = PBXFileReference; fileEncoding = 4; lastKnownFileType = sourcecode.c.h; path = AppodealToast.h; sourceTree = "<group>"; };
		B92803891D0ED1240043CA68 /* AppodealToast.m */ = {isa = PBXFileReference; fileEncoding = 4; lastKnownFileType = sourcecode.c.objc; path = AppodealToast.m; sourceTree = "<group>"; };
		B93553091D77487E00C11662 /* GLKit.framework */ = {isa = PBXFileReference; lastKnownFileType = wrapper.framework; name = GLKit.framework; path = System/Library/Frameworks/GLKit.framework; sourceTree = SDKROOT; };
		B938956E1D745EAD0048E85A /* APDSVC.h */ = {isa = PBXFileReference; fileEncoding = 4; lastKnownFileType = sourcecode.c.h; name = APDSVC.h; path = ViewControllers/APDSVC.h; sourceTree = "<group>"; };
		B938956F1D745EAD0048E85A /* APDSVC.m */ = {isa = PBXFileReference; fileEncoding = 4; lastKnownFileType = sourcecode.c.objc; name = APDSVC.m; path = ViewControllers/APDSVC.m; sourceTree = "<group>"; };
		B97A5D671DA510E7001784A4 /* CoreText.framework */ = {isa = PBXFileReference; lastKnownFileType = wrapper.framework; name = CoreText.framework; path = System/Library/Frameworks/CoreText.framework; sourceTree = SDKROOT; };
		B992E5241F28C50500D5181C /* ImageIO.framework */ = {isa = PBXFileReference; lastKnownFileType = wrapper.framework; name = ImageIO.framework; path = System/Library/Frameworks/ImageIO.framework; sourceTree = SDKROOT; };
		B99508B81D59AFA4005AEF1F /* APDCustomContentViewController.h */ = {isa = PBXFileReference; fileEncoding = 4; lastKnownFileType = sourcecode.c.h; name = APDCustomContentViewController.h; path = ViewControllers/APDCustomContentViewController.h; sourceTree = "<group>"; };
		B99508B91D59AFA4005AEF1F /* APDCustomContentViewController.m */ = {isa = PBXFileReference; fileEncoding = 4; lastKnownFileType = sourcecode.c.objc; name = APDCustomContentViewController.m; path = ViewControllers/APDCustomContentViewController.m; sourceTree = "<group>"; };
		B99508BF1D59B859005AEF1F /* APDCustomNativeView.h */ = {isa = PBXFileReference; fileEncoding = 4; lastKnownFileType = sourcecode.c.h; name = APDCustomNativeView.h; path = ViewControllers/APDCustomNativeView.h; sourceTree = "<group>"; };
		B99508C01D59B859005AEF1F /* APDCustomNativeView.m */ = {isa = PBXFileReference; fileEncoding = 4; lastKnownFileType = sourcecode.c.objc; name = APDCustomNativeView.m; path = ViewControllers/APDCustomNativeView.m; sourceTree = "<group>"; };
		B99508C31D59CF6C005AEF1F /* RSSModel.h */ = {isa = PBXFileReference; fileEncoding = 4; lastKnownFileType = sourcecode.c.h; name = RSSModel.h; path = RSS/RSSModel.h; sourceTree = "<group>"; };
		B99508C41D59CF6C005AEF1F /* RSSModel.m */ = {isa = PBXFileReference; fileEncoding = 4; lastKnownFileType = sourcecode.c.objc; name = RSSModel.m; path = RSS/RSSModel.m; sourceTree = "<group>"; };
		B99508C61D59CF7B005AEF1F /* RSSStream.h */ = {isa = PBXFileReference; fileEncoding = 4; lastKnownFileType = sourcecode.c.h; name = RSSStream.h; path = RSS/RSSStream.h; sourceTree = "<group>"; };
		B99508C71D59CF7B005AEF1F /* RSSStream.m */ = {isa = PBXFileReference; fileEncoding = 4; lastKnownFileType = sourcecode.c.objc; name = RSSStream.m; path = RSS/RSSStream.m; sourceTree = "<group>"; };
		B99508CA1D59D0CE005AEF1F /* GTMNSString+HTML.h */ = {isa = PBXFileReference; fileEncoding = 4; lastKnownFileType = sourcecode.c.h; path = "GTMNSString+HTML.h"; sourceTree = "<group>"; };
		B99508CB1D59D0CE005AEF1F /* GTMNSString+HTML.m */ = {isa = PBXFileReference; fileEncoding = 4; lastKnownFileType = sourcecode.c.objc; path = "GTMNSString+HTML.m"; sourceTree = "<group>"; };
		B99508CC1D59D0CE005AEF1F /* MWFeedInfo.h */ = {isa = PBXFileReference; fileEncoding = 4; lastKnownFileType = sourcecode.c.h; path = MWFeedInfo.h; sourceTree = "<group>"; };
		B99508CD1D59D0CE005AEF1F /* MWFeedInfo.m */ = {isa = PBXFileReference; fileEncoding = 4; lastKnownFileType = sourcecode.c.objc; path = MWFeedInfo.m; sourceTree = "<group>"; };
		B99508CE1D59D0CE005AEF1F /* MWFeedItem.h */ = {isa = PBXFileReference; fileEncoding = 4; lastKnownFileType = sourcecode.c.h; path = MWFeedItem.h; sourceTree = "<group>"; };
		B99508CF1D59D0CE005AEF1F /* MWFeedItem.m */ = {isa = PBXFileReference; fileEncoding = 4; lastKnownFileType = sourcecode.c.objc; path = MWFeedItem.m; sourceTree = "<group>"; };
		B99508D01D59D0CE005AEF1F /* MWFeedParser.h */ = {isa = PBXFileReference; fileEncoding = 4; lastKnownFileType = sourcecode.c.h; path = MWFeedParser.h; sourceTree = "<group>"; };
		B99508D11D59D0CE005AEF1F /* MWFeedParser.m */ = {isa = PBXFileReference; fileEncoding = 4; lastKnownFileType = sourcecode.c.objc; path = MWFeedParser.m; sourceTree = "<group>"; };
		B99508D21D59D0CE005AEF1F /* MWFeedParser_Private.h */ = {isa = PBXFileReference; fileEncoding = 4; lastKnownFileType = sourcecode.c.h; path = MWFeedParser_Private.h; sourceTree = "<group>"; };
		B99508D31D59D0CE005AEF1F /* NSDate+InternetDateTime.h */ = {isa = PBXFileReference; fileEncoding = 4; lastKnownFileType = sourcecode.c.h; path = "NSDate+InternetDateTime.h"; sourceTree = "<group>"; };
		B99508D41D59D0CE005AEF1F /* NSDate+InternetDateTime.m */ = {isa = PBXFileReference; fileEncoding = 4; lastKnownFileType = sourcecode.c.objc; path = "NSDate+InternetDateTime.m"; sourceTree = "<group>"; };
		B99508D51D59D0CE005AEF1F /* NSString+HTML.h */ = {isa = PBXFileReference; fileEncoding = 4; lastKnownFileType = sourcecode.c.h; path = "NSString+HTML.h"; sourceTree = "<group>"; };
		B99508D61D59D0CE005AEF1F /* NSString+HTML.m */ = {isa = PBXFileReference; fileEncoding = 4; lastKnownFileType = sourcecode.c.objc; path = "NSString+HTML.m"; sourceTree = "<group>"; };
		B99508DE1D59D39F005AEF1F /* APDDemo_PrefixHeader.pch */ = {isa = PBXFileReference; lastKnownFileType = sourcecode.c.h; path = APDDemo_PrefixHeader.pch; sourceTree = "<group>"; };
		B99508E71D59E9E5005AEF1F /* APDGeoView.h */ = {isa = PBXFileReference; fileEncoding = 4; lastKnownFileType = sourcecode.c.h; name = APDGeoView.h; path = ViewControllers/APDGeoView.h; sourceTree = "<group>"; };
		B99508E81D59E9E5005AEF1F /* APDGeoView.m */ = {isa = PBXFileReference; fileEncoding = 4; lastKnownFileType = sourcecode.c.objc; name = APDGeoView.m; path = ViewControllers/APDGeoView.m; sourceTree = "<group>"; };
		B99508E91D59E9E5005AEF1F /* APDGeoViewController.h */ = {isa = PBXFileReference; fileEncoding = 4; lastKnownFileType = sourcecode.c.h; name = APDGeoViewController.h; path = ViewControllers/APDGeoViewController.h; sourceTree = "<group>"; };
		B99508EA1D59E9E5005AEF1F /* APDGeoViewController.m */ = {isa = PBXFileReference; fileEncoding = 4; lastKnownFileType = sourcecode.c.objc; name = APDGeoViewController.m; path = ViewControllers/APDGeoViewController.m; sourceTree = "<group>"; };
		B99508F41D59EA39005AEF1F /* APDVideoView.h */ = {isa = PBXFileReference; fileEncoding = 4; lastKnownFileType = sourcecode.c.h; name = APDVideoView.h; path = ViewControllers/APDVideoView.h; sourceTree = "<group>"; };
		B99508F51D59EA39005AEF1F /* APDVideoView.m */ = {isa = PBXFileReference; fileEncoding = 4; lastKnownFileType = sourcecode.c.objc; name = APDVideoView.m; path = ViewControllers/APDVideoView.m; sourceTree = "<group>"; };
		B99508F61D59EA39005AEF1F /* APDVideoViewController.h */ = {isa = PBXFileReference; fileEncoding = 4; lastKnownFileType = sourcecode.c.h; name = APDVideoViewController.h; path = ViewControllers/APDVideoViewController.h; sourceTree = "<group>"; };
		B99508F71D59EA39005AEF1F /* APDVideoViewController.m */ = {isa = PBXFileReference; fileEncoding = 4; lastKnownFileType = sourcecode.c.objc; name = APDVideoViewController.m; path = ViewControllers/APDVideoViewController.m; sourceTree = "<group>"; };
		B99509011D59EAA2005AEF1F /* APDTimerView.h */ = {isa = PBXFileReference; fileEncoding = 4; lastKnownFileType = sourcecode.c.h; name = APDTimerView.h; path = ViewControllers/APDTimerView.h; sourceTree = "<group>"; };
		B99509021D59EAA2005AEF1F /* APDTimerView.m */ = {isa = PBXFileReference; fileEncoding = 4; lastKnownFileType = sourcecode.c.objc; name = APDTimerView.m; path = ViewControllers/APDTimerView.m; sourceTree = "<group>"; };
		B99509031D59EAA2005AEF1F /* APDTimerViewController.h */ = {isa = PBXFileReference; fileEncoding = 4; lastKnownFileType = sourcecode.c.h; name = APDTimerViewController.h; path = ViewControllers/APDTimerViewController.h; sourceTree = "<group>"; };
		B99509041D59EAA2005AEF1F /* APDTimerViewController.m */ = {isa = PBXFileReference; fileEncoding = 4; lastKnownFileType = sourcecode.c.objc; name = APDTimerViewController.m; path = ViewControllers/APDTimerViewController.m; sourceTree = "<group>"; };
		B995090E1D59EAD4005AEF1F /* APDAudioRecordingView.h */ = {isa = PBXFileReference; fileEncoding = 4; lastKnownFileType = sourcecode.c.h; name = APDAudioRecordingView.h; path = ViewControllers/APDAudioRecordingView.h; sourceTree = "<group>"; };
		B995090F1D59EAD4005AEF1F /* APDAudioRecordingView.m */ = {isa = PBXFileReference; fileEncoding = 4; lastKnownFileType = sourcecode.c.objc; name = APDAudioRecordingView.m; path = ViewControllers/APDAudioRecordingView.m; sourceTree = "<group>"; };
		B99509101D59EAD4005AEF1F /* APDAudioRecordingViewController.h */ = {isa = PBXFileReference; fileEncoding = 4; lastKnownFileType = sourcecode.c.h; name = APDAudioRecordingViewController.h; path = ViewControllers/APDAudioRecordingViewController.h; sourceTree = "<group>"; };
		B99509111D59EAD4005AEF1F /* APDAudioRecordingViewController.m */ = {isa = PBXFileReference; fileEncoding = 4; lastKnownFileType = sourcecode.c.objc; name = APDAudioRecordingViewController.m; path = ViewControllers/APDAudioRecordingViewController.m; sourceTree = "<group>"; };
		B995091B1D59EB17005AEF1F /* APDBluetoothView.h */ = {isa = PBXFileReference; fileEncoding = 4; lastKnownFileType = sourcecode.c.h; name = APDBluetoothView.h; path = ViewControllers/APDBluetoothView.h; sourceTree = "<group>"; };
		B995091C1D59EB17005AEF1F /* APDBluetoothView.m */ = {isa = PBXFileReference; fileEncoding = 4; lastKnownFileType = sourcecode.c.objc; name = APDBluetoothView.m; path = ViewControllers/APDBluetoothView.m; sourceTree = "<group>"; };
		B995091D1D59EB17005AEF1F /* APDBluetoothViewController.h */ = {isa = PBXFileReference; fileEncoding = 4; lastKnownFileType = sourcecode.c.h; name = APDBluetoothViewController.h; path = ViewControllers/APDBluetoothViewController.h; sourceTree = "<group>"; };
		B995091E1D59EB17005AEF1F /* APDBluetoothViewController.m */ = {isa = PBXFileReference; fileEncoding = 4; lastKnownFileType = sourcecode.c.objc; name = APDBluetoothViewController.m; path = ViewControllers/APDBluetoothViewController.m; sourceTree = "<group>"; };
		B99509281D59EB57005AEF1F /* APDPhoneCallView.h */ = {isa = PBXFileReference; fileEncoding = 4; lastKnownFileType = sourcecode.c.h; name = APDPhoneCallView.h; path = ViewControllers/APDPhoneCallView.h; sourceTree = "<group>"; };
		B99509291D59EB57005AEF1F /* APDPhoneCallView.m */ = {isa = PBXFileReference; fileEncoding = 4; lastKnownFileType = sourcecode.c.objc; name = APDPhoneCallView.m; path = ViewControllers/APDPhoneCallView.m; sourceTree = "<group>"; };
		B995092A1D59EB57005AEF1F /* APDPhoneCallViewController.h */ = {isa = PBXFileReference; fileEncoding = 4; lastKnownFileType = sourcecode.c.h; name = APDPhoneCallViewController.h; path = ViewControllers/APDPhoneCallViewController.h; sourceTree = "<group>"; };
		B995092B1D59EB57005AEF1F /* APDPhoneCallViewController.m */ = {isa = PBXFileReference; fileEncoding = 4; lastKnownFileType = sourcecode.c.objc; name = APDPhoneCallViewController.m; path = ViewControllers/APDPhoneCallViewController.m; sourceTree = "<group>"; };
		B99509351D59EBA2005AEF1F /* APDBannerHiddenView.h */ = {isa = PBXFileReference; fileEncoding = 4; lastKnownFileType = sourcecode.c.h; name = APDBannerHiddenView.h; path = ViewControllers/APDBannerHiddenView.h; sourceTree = "<group>"; };
		B99509361D59EBA2005AEF1F /* APDBannerHiddenView.m */ = {isa = PBXFileReference; fileEncoding = 4; lastKnownFileType = sourcecode.c.objc; name = APDBannerHiddenView.m; path = ViewControllers/APDBannerHiddenView.m; sourceTree = "<group>"; };
		B99509371D59EBA2005AEF1F /* APDBannerHiddenViewController.h */ = {isa = PBXFileReference; fileEncoding = 4; lastKnownFileType = sourcecode.c.h; name = APDBannerHiddenViewController.h; path = ViewControllers/APDBannerHiddenViewController.h; sourceTree = "<group>"; };
		B99509381D59EBA2005AEF1F /* APDBannerHiddenViewController.m */ = {isa = PBXFileReference; fileEncoding = 4; lastKnownFileType = sourcecode.c.objc; name = APDBannerHiddenViewController.m; path = ViewControllers/APDBannerHiddenViewController.m; sourceTree = "<group>"; };
		B99509421D59EBFF005AEF1F /* APDInterstitialDoubleView.h */ = {isa = PBXFileReference; fileEncoding = 4; lastKnownFileType = sourcecode.c.h; name = APDInterstitialDoubleView.h; path = ViewControllers/APDInterstitialDoubleView.h; sourceTree = "<group>"; };
		B99509431D59EBFF005AEF1F /* APDInterstitialDoubleView.m */ = {isa = PBXFileReference; fileEncoding = 4; lastKnownFileType = sourcecode.c.objc; name = APDInterstitialDoubleView.m; path = ViewControllers/APDInterstitialDoubleView.m; sourceTree = "<group>"; };
		B99509441D59EBFF005AEF1F /* APDInterstitialDoubleViewController.h */ = {isa = PBXFileReference; fileEncoding = 4; lastKnownFileType = sourcecode.c.h; name = APDInterstitialDoubleViewController.h; path = ViewControllers/APDInterstitialDoubleViewController.h; sourceTree = "<group>"; };
		B99509451D59EBFF005AEF1F /* APDInterstitialDoubleViewController.m */ = {isa = PBXFileReference; fileEncoding = 4; lastKnownFileType = sourcecode.c.objc; name = APDInterstitialDoubleViewController.m; path = ViewControllers/APDInterstitialDoubleViewController.m; sourceTree = "<group>"; };
		B995094F1D59EC5E005AEF1F /* APDTripleBanerView.h */ = {isa = PBXFileReference; fileEncoding = 4; lastKnownFileType = sourcecode.c.h; name = APDTripleBanerView.h; path = ViewControllers/APDTripleBanerView.h; sourceTree = "<group>"; };
		B99509501D59EC5E005AEF1F /* APDTripleBanerView.m */ = {isa = PBXFileReference; fileEncoding = 4; lastKnownFileType = sourcecode.c.objc; name = APDTripleBanerView.m; path = ViewControllers/APDTripleBanerView.m; sourceTree = "<group>"; };
		B99509511D59EC5E005AEF1F /* APDTripleBannerViewController.h */ = {isa = PBXFileReference; fileEncoding = 4; lastKnownFileType = sourcecode.c.h; name = APDTripleBannerViewController.h; path = ViewControllers/APDTripleBannerViewController.h; sourceTree = "<group>"; };
		B99509521D59EC5E005AEF1F /* APDTripleBannerViewController.m */ = {isa = PBXFileReference; fileEncoding = 4; lastKnownFileType = sourcecode.c.objc; name = APDTripleBannerViewController.m; path = ViewControllers/APDTripleBannerViewController.m; sourceTree = "<group>"; };
		B995095D1D59ECB0005AEF1F /* APDVideoHiddenView.h */ = {isa = PBXFileReference; fileEncoding = 4; lastKnownFileType = sourcecode.c.h; name = APDVideoHiddenView.h; path = ViewControllers/APDVideoHiddenView.h; sourceTree = "<group>"; };
		B995095E1D59ECB0005AEF1F /* APDVideoHiddenView.m */ = {isa = PBXFileReference; fileEncoding = 4; lastKnownFileType = sourcecode.c.objc; name = APDVideoHiddenView.m; path = ViewControllers/APDVideoHiddenView.m; sourceTree = "<group>"; };
		B995095F1D59ECB0005AEF1F /* APDVideoHiddenViewController.h */ = {isa = PBXFileReference; fileEncoding = 4; lastKnownFileType = sourcecode.c.h; name = APDVideoHiddenViewController.h; path = ViewControllers/APDVideoHiddenViewController.h; sourceTree = "<group>"; };
		B99509601D59ECB0005AEF1F /* APDVideoHiddenViewController.m */ = {isa = PBXFileReference; fileEncoding = 4; lastKnownFileType = sourcecode.c.objc; name = APDVideoHiddenViewController.m; path = ViewControllers/APDVideoHiddenViewController.m; sourceTree = "<group>"; };
		B995097C1D5A26B8005AEF1F /* APDViewabillityPresentationViewController.h */ = {isa = PBXFileReference; fileEncoding = 4; lastKnownFileType = sourcecode.c.h; name = APDViewabillityPresentationViewController.h; path = ViewControllers/APDViewabillityPresentationViewController.h; sourceTree = "<group>"; };
		B995097D1D5A26B8005AEF1F /* APDViewabillityPresentationViewController.m */ = {isa = PBXFileReference; fileEncoding = 4; lastKnownFileType = sourcecode.c.objc; name = APDViewabillityPresentationViewController.m; path = ViewControllers/APDViewabillityPresentationViewController.m; sourceTree = "<group>"; };
		B99509821D5A2740005AEF1F /* APDViewabillityPresentationView.h */ = {isa = PBXFileReference; fileEncoding = 4; lastKnownFileType = sourcecode.c.h; name = APDViewabillityPresentationView.h; path = ViewControllers/APDViewabillityPresentationView.h; sourceTree = "<group>"; };
		B99509831D5A2740005AEF1F /* APDViewabillityPresentationView.m */ = {isa = PBXFileReference; fileEncoding = 4; lastKnownFileType = sourcecode.c.objc; name = APDViewabillityPresentationView.m; path = ViewControllers/APDViewabillityPresentationView.m; sourceTree = "<group>"; };
		B99509851D5A278A005AEF1F /* APDBackgoundWorkPresentationView.h */ = {isa = PBXFileReference; fileEncoding = 4; lastKnownFileType = sourcecode.c.h; name = APDBackgoundWorkPresentationView.h; path = ViewControllers/APDBackgoundWorkPresentationView.h; sourceTree = "<group>"; };
		B99509861D5A278A005AEF1F /* APDBackgoundWorkPresentationView.m */ = {isa = PBXFileReference; fileEncoding = 4; lastKnownFileType = sourcecode.c.objc; name = APDBackgoundWorkPresentationView.m; path = ViewControllers/APDBackgoundWorkPresentationView.m; sourceTree = "<group>"; };
		B99509891D5A27C5005AEF1F /* APDBackgroundWorkPresentationViewController.h */ = {isa = PBXFileReference; fileEncoding = 4; lastKnownFileType = sourcecode.c.h; name = APDBackgroundWorkPresentationViewController.h; path = ViewControllers/APDBackgroundWorkPresentationViewController.h; sourceTree = "<group>"; };
		B995098A1D5A27C5005AEF1F /* APDBackgroundWorkPresentationViewController.m */ = {isa = PBXFileReference; fileEncoding = 4; lastKnownFileType = sourcecode.c.objc; name = APDBackgroundWorkPresentationViewController.m; path = ViewControllers/APDBackgroundWorkPresentationViewController.m; sourceTree = "<group>"; };
		B9CA38421D10076200A5F3B4 /* APDMRECViewController.h */ = {isa = PBXFileReference; fileEncoding = 4; lastKnownFileType = sourcecode.c.h; name = APDMRECViewController.h; path = ViewControllers/APDMRECViewController.h; sourceTree = "<group>"; };
		B9CA38431D10076200A5F3B4 /* APDMRECViewController.m */ = {isa = PBXFileReference; fileEncoding = 4; lastKnownFileType = sourcecode.c.objc; name = APDMRECViewController.m; path = ViewControllers/APDMRECViewController.m; sourceTree = "<group>"; };
		B9CA384D1D10182400A5F3B4 /* APDNativeShowStyleViewController.h */ = {isa = PBXFileReference; fileEncoding = 4; lastKnownFileType = sourcecode.c.h; name = APDNativeShowStyleViewController.h; path = ViewControllers/APDNativeShowStyleViewController.h; sourceTree = "<group>"; };
		B9CA384E1D10182400A5F3B4 /* APDNativeShowStyleViewController.m */ = {isa = PBXFileReference; fileEncoding = 4; lastKnownFileType = sourcecode.c.objc; name = APDNativeShowStyleViewController.m; path = ViewControllers/APDNativeShowStyleViewController.m; sourceTree = "<group>"; };
		B9D9D9811DDEE81B00DC028B /* APDDisableNetworkViewController.h */ = {isa = PBXFileReference; fileEncoding = 4; lastKnownFileType = sourcecode.c.h; path = APDDisableNetworkViewController.h; sourceTree = "<group>"; };
		B9D9D9821DDEE81B00DC028B /* APDDisableNetworkViewController.m */ = {isa = PBXFileReference; fileEncoding = 4; lastKnownFileType = sourcecode.c.objc; path = APDDisableNetworkViewController.m; sourceTree = "<group>"; };
		B9D9D98A1DDF1C0900DC028B /* APDDemoModel.h */ = {isa = PBXFileReference; fileEncoding = 4; lastKnownFileType = sourcecode.c.h; path = APDDemoModel.h; sourceTree = "<group>"; };
		B9D9D98B1DDF1C0900DC028B /* APDDemoModel.m */ = {isa = PBXFileReference; fileEncoding = 4; lastKnownFileType = sourcecode.c.objc; path = APDDemoModel.m; sourceTree = "<group>"; };
		B9D9D98D1DDF2E5F00DC028B /* APDHUBViewController.h */ = {isa = PBXFileReference; fileEncoding = 4; lastKnownFileType = sourcecode.c.h; path = APDHUBViewController.h; sourceTree = "<group>"; };
		B9D9D98E1DDF2E5F00DC028B /* APDHUBViewController.m */ = {isa = PBXFileReference; fileEncoding = 4; lastKnownFileType = sourcecode.c.objc; path = APDHUBViewController.m; sourceTree = "<group>"; };
		B9D9D9901DDF412C00DC028B /* APDBannerViewController.h */ = {isa = PBXFileReference; fileEncoding = 4; lastKnownFileType = sourcecode.c.h; path = APDBannerViewController.h; sourceTree = "<group>"; };
		B9D9D9911DDF412C00DC028B /* APDBannerViewController.m */ = {isa = PBXFileReference; fileEncoding = 4; lastKnownFileType = sourcecode.c.objc; path = APDBannerViewController.m; sourceTree = "<group>"; };
		B9E0CAD21D17EF94009A7079 /* Haneke.h */ = {isa = PBXFileReference; fileEncoding = 4; lastKnownFileType = sourcecode.c.h; path = Haneke.h; sourceTree = "<group>"; };
		B9E0CAD31D17EF94009A7079 /* HNKCache.h */ = {isa = PBXFileReference; fileEncoding = 4; lastKnownFileType = sourcecode.c.h; path = HNKCache.h; sourceTree = "<group>"; };
		B9E0CAD41D17EF94009A7079 /* HNKCache.m */ = {isa = PBXFileReference; fileEncoding = 4; lastKnownFileType = sourcecode.c.objc; path = HNKCache.m; sourceTree = "<group>"; };
		B9E0CAD51D17EF94009A7079 /* HNKDiskCache.h */ = {isa = PBXFileReference; fileEncoding = 4; lastKnownFileType = sourcecode.c.h; path = HNKDiskCache.h; sourceTree = "<group>"; };
		B9E0CAD61D17EF94009A7079 /* HNKDiskCache.m */ = {isa = PBXFileReference; fileEncoding = 4; lastKnownFileType = sourcecode.c.objc; path = HNKDiskCache.m; sourceTree = "<group>"; };
		B9E0CAD71D17EF94009A7079 /* HNKDiskFetcher.h */ = {isa = PBXFileReference; fileEncoding = 4; lastKnownFileType = sourcecode.c.h; path = HNKDiskFetcher.h; sourceTree = "<group>"; };
		B9E0CAD81D17EF94009A7079 /* HNKDiskFetcher.m */ = {isa = PBXFileReference; fileEncoding = 4; lastKnownFileType = sourcecode.c.objc; path = HNKDiskFetcher.m; sourceTree = "<group>"; };
		B9E0CAD91D17EF94009A7079 /* HNKNetworkFetcher.h */ = {isa = PBXFileReference; fileEncoding = 4; lastKnownFileType = sourcecode.c.h; path = HNKNetworkFetcher.h; sourceTree = "<group>"; };
		B9E0CADA1D17EF94009A7079 /* HNKNetworkFetcher.m */ = {isa = PBXFileReference; fileEncoding = 4; lastKnownFileType = sourcecode.c.objc; path = HNKNetworkFetcher.m; sourceTree = "<group>"; };
		B9E0CADB1D17EF94009A7079 /* HNKSimpleFetcher.h */ = {isa = PBXFileReference; fileEncoding = 4; lastKnownFileType = sourcecode.c.h; path = HNKSimpleFetcher.h; sourceTree = "<group>"; };
		B9E0CADC1D17EF94009A7079 /* HNKSimpleFetcher.m */ = {isa = PBXFileReference; fileEncoding = 4; lastKnownFileType = sourcecode.c.objc; path = HNKSimpleFetcher.m; sourceTree = "<group>"; };
		B9E0CADD1D17EF94009A7079 /* UIButton+Haneke.h */ = {isa = PBXFileReference; fileEncoding = 4; lastKnownFileType = sourcecode.c.h; path = "UIButton+Haneke.h"; sourceTree = "<group>"; };
		B9E0CADE1D17EF94009A7079 /* UIButton+Haneke.m */ = {isa = PBXFileReference; fileEncoding = 4; lastKnownFileType = sourcecode.c.objc; path = "UIButton+Haneke.m"; sourceTree = "<group>"; };
		B9E0CADF1D17EF94009A7079 /* UIImageView+Haneke.h */ = {isa = PBXFileReference; fileEncoding = 4; lastKnownFileType = sourcecode.c.h; path = "UIImageView+Haneke.h"; sourceTree = "<group>"; };
		B9E0CAE01D17EF94009A7079 /* UIImageView+Haneke.m */ = {isa = PBXFileReference; fileEncoding = 4; lastKnownFileType = sourcecode.c.objc; path = "UIImageView+Haneke.m"; sourceTree = "<group>"; };
		B9E0CAE11D17EF94009A7079 /* UIView+Haneke.h */ = {isa = PBXFileReference; fileEncoding = 4; lastKnownFileType = sourcecode.c.h; path = "UIView+Haneke.h"; sourceTree = "<group>"; };
		B9E0CAE21D17EF94009A7079 /* UIView+Haneke.m */ = {isa = PBXFileReference; fileEncoding = 4; lastKnownFileType = sourcecode.c.objc; path = "UIView+Haneke.m"; sourceTree = "<group>"; };
		B9EA63F61D5CB5B1002C7CD0 /* ru */ = {isa = PBXFileReference; lastKnownFileType = text.plist.strings; name = ru; path = ru.lproj/LaunchScreen.strings; sourceTree = "<group>"; };
		B9F5DC0D1D5C572300C3B54A /* UIView+APD_Spinner.h */ = {isa = PBXFileReference; fileEncoding = 4; lastKnownFileType = sourcecode.c.h; name = "UIView+APD_Spinner.h"; path = "Root/UIView+APD_Spinner.h"; sourceTree = "<group>"; };
		B9F5DC0E1D5C572300C3B54A /* UIView+APD_Spinner.m */ = {isa = PBXFileReference; fileEncoding = 4; lastKnownFileType = sourcecode.c.objc; name = "UIView+APD_Spinner.m"; path = "Root/UIView+APD_Spinner.m"; sourceTree = "<group>"; };
/* End PBXFileReference section */

/* Begin PBXFrameworksBuildPhase section */
		B92338861D0AA58D00AC37D1 /* Frameworks */ = {
			isa = PBXFrameworksBuildPhase;
			buildActionMask = 2147483647;
			files = (
				B992E5251F28C50500D5181C /* ImageIO.framework in Frameworks */,
				9C8192EC1E376A06002B347E /* StoreKit.framework in Frameworks */,
				B97A5D681DA510E7001784A4 /* CoreText.framework in Frameworks */,
				B92338EC1D0AF9B300AC37D1 /* MessageUI.framework in Frameworks */,
				B92339001D0AFA0200AC37D1 /* WebKit.framework in Frameworks */,
				B935530A1D77487E00C11662 /* GLKit.framework in Frameworks */,
				B92339021D0AFA0700AC37D1 /* CoreBluetooth.framework in Frameworks */,
				B92338FE1D0AF9FC00AC37D1 /* UIKit.framework in Frameworks */,
				B92338FC1D0AF9F500AC37D1 /* Twitter.framework in Frameworks */,
				B92338FA1D0AF9EC00AC37D1 /* SystemConfiguration.framework in Frameworks */,
				B92338F61D0AF9DB00AC37D1 /* Social.framework in Frameworks */,
				B92338F41D0AF9D300AC37D1 /* Security.framework in Frameworks */,
				B92338F21D0AF9CB00AC37D1 /* SafariServices.framework in Frameworks */,
				B92338F01D0AF9C400AC37D1 /* QuartzCore.framework in Frameworks */,
				B92338EE1D0AF9BD00AC37D1 /* MobileCoreServices.framework in Frameworks */,
				B92338EA1D0AF9A900AC37D1 /* MediaPlayer.framework in Frameworks */,
				B92338E81D0AF9A000AC37D1 /* libz.tbd in Frameworks */,
				B92338E61D0AF99700AC37D1 /* libxml2.2.tbd in Frameworks */,
				B92338E41D0AF98B00AC37D1 /* libsqlite3.tbd in Frameworks */,
				B92338E21D0AF97F00AC37D1 /* libc++.tbd in Frameworks */,
				B92338E01D0AF97700AC37D1 /* JavaScriptCore.framework in Frameworks */,
				B92338DD1D0AF96600AC37D1 /* EventKit.framework in Frameworks */,
				B92338DE1D0AF96600AC37D1 /* EventKitUI.framework in Frameworks */,
				B92338D61D0AF95D00AC37D1 /* CoreImage.framework in Frameworks */,
				B92338D71D0AF95D00AC37D1 /* CoreLocation.framework in Frameworks */,
				B92338D81D0AF95D00AC37D1 /* CoreMedia.framework in Frameworks */,
				B92338D91D0AF95D00AC37D1 /* CoreMotion.framework in Frameworks */,
				B92338DA1D0AF95D00AC37D1 /* CoreTelephony.framework in Frameworks */,
				B92338D01D0AF93F00AC37D1 /* CoreGraphics.framework in Frameworks */,
				B92338CE1D0AF93800AC37D1 /* CoreFoundation.framework in Frameworks */,
				B92338CC1D0AF93100AC37D1 /* CFNetwork.framework in Frameworks */,
				B92338CA1D0AF92900AC37D1 /* AVFoundation.framework in Frameworks */,
				B92338C81D0AF92300AC37D1 /* AudioToolbox.framework in Frameworks */,
				B92338C61D0AF91C00AC37D1 /* AdSupport.framework in Frameworks */,
			);
			runOnlyForDeploymentPostprocessing = 0;
		};
/* End PBXFrameworksBuildPhase section */

/* Begin PBXGroup section */
		1C163E09495AE60F795672CA /* Frameworks */ = {
			isa = PBXGroup;
			children = (
				B992E5241F28C50500D5181C /* ImageIO.framework */,
				9C8192EB1E376A06002B347E /* StoreKit.framework */,
				B97A5D671DA510E7001784A4 /* CoreText.framework */,
				B93553091D77487E00C11662 /* GLKit.framework */,
				B92339011D0AFA0700AC37D1 /* CoreBluetooth.framework */,
				B92338FF1D0AFA0200AC37D1 /* WebKit.framework */,
				B92338FD1D0AF9FC00AC37D1 /* UIKit.framework */,
				B92338FB1D0AF9F500AC37D1 /* Twitter.framework */,
				B92338F91D0AF9EC00AC37D1 /* SystemConfiguration.framework */,
				B92338F51D0AF9DB00AC37D1 /* Social.framework */,
				B92338F31D0AF9D300AC37D1 /* Security.framework */,
				B92338F11D0AF9CB00AC37D1 /* SafariServices.framework */,
				B92338EF1D0AF9C400AC37D1 /* QuartzCore.framework */,
				B92338ED1D0AF9BD00AC37D1 /* MobileCoreServices.framework */,
				B92338EB1D0AF9B300AC37D1 /* MessageUI.framework */,
				B92338E91D0AF9A900AC37D1 /* MediaPlayer.framework */,
				B92338E71D0AF9A000AC37D1 /* libz.tbd */,
				B92338E51D0AF99700AC37D1 /* libxml2.2.tbd */,
				B92338E31D0AF98B00AC37D1 /* libsqlite3.tbd */,
				B92338E11D0AF97F00AC37D1 /* libc++.tbd */,
				B92338DF1D0AF97700AC37D1 /* JavaScriptCore.framework */,
				B92338DB1D0AF96600AC37D1 /* EventKit.framework */,
				B92338DC1D0AF96600AC37D1 /* EventKitUI.framework */,
				B92338D11D0AF95D00AC37D1 /* CoreImage.framework */,
				B92338D21D0AF95D00AC37D1 /* CoreLocation.framework */,
				B92338D31D0AF95D00AC37D1 /* CoreMedia.framework */,
				B92338D41D0AF95D00AC37D1 /* CoreMotion.framework */,
				B92338D51D0AF95D00AC37D1 /* CoreTelephony.framework */,
				B92338CF1D0AF93F00AC37D1 /* CoreGraphics.framework */,
				B92338CD1D0AF93800AC37D1 /* CoreFoundation.framework */,
				B92338CB1D0AF93100AC37D1 /* CFNetwork.framework */,
				B92338C91D0AF92900AC37D1 /* AVFoundation.framework */,
				B92338C71D0AF92300AC37D1 /* AudioToolbox.framework */,
				B92338C51D0AF91C00AC37D1 /* AdSupport.framework */,
			);
			name = Frameworks;
			sourceTree = "<group>";
		};
		B90EC5691D5B00CF00182B20 /* APDSupportClasses */ = {
			isa = PBXGroup;
			children = (
				B923562A1F06431000CDC1A4 /* APDOnLoad.h */,
				B923562B1F06431000CDC1A4 /* APDOnLoad.m */,
				B9D9D98A1DDF1C0900DC028B /* APDDemoModel.h */,
				B9D9D98B1DDF1C0900DC028B /* APDDemoModel.m */,
				B90EC5661D5B00C700182B20 /* APDViewModel.h */,
				B90EC5671D5B00C700182B20 /* APDViewModel.m */,
				B92803881D0ED1240043CA68 /* AppodealToast.h */,
				B92803891D0ED1240043CA68 /* AppodealToast.m */,
				B9F5DC0D1D5C572300C3B54A /* UIView+APD_Spinner.h */,
				B9F5DC0E1D5C572300C3B54A /* UIView+APD_Spinner.m */,
				B92338B01D0AAB9200AC37D1 /* APDROOT */,
				B99508C21D59CEF2005AEF1F /* RSS */,
			);
			name = APDSupportClasses;
			sourceTree = "<group>";
		};
		B91581C01D0FD985000FC33F /* SupportLib */ = {
			isa = PBXGroup;
			children = (
				B99508C91D59D0CE005AEF1F /* MWFeedParser */,
				B9E0CAD11D17EF94009A7079 /* Haneke */,
				B91581C11D0FD985000FC33F /* Masonry */,
				B91581DB1D0FD985000FC33F /* Toast */,
			);
			name = SupportLib;
			path = appodeal_ios_demo_app/SupportLib;
			sourceTree = "<group>";
		};
		B91581C11D0FD985000FC33F /* Masonry */ = {
			isa = PBXGroup;
			children = (
				B91581C21D0FD985000FC33F /* MASCompositeConstraint.h */,
				B91581C31D0FD985000FC33F /* MASCompositeConstraint.m */,
				B91581C41D0FD985000FC33F /* MASConstraint+Private.h */,
				B91581C51D0FD985000FC33F /* MASConstraint.h */,
				B91581C61D0FD985000FC33F /* MASConstraint.m */,
				B91581C71D0FD985000FC33F /* MASConstraintMaker.h */,
				B91581C81D0FD985000FC33F /* MASConstraintMaker.m */,
				B91581C91D0FD985000FC33F /* MASLayoutConstraint.h */,
				B91581CA1D0FD985000FC33F /* MASLayoutConstraint.m */,
				B91581CB1D0FD985000FC33F /* Masonry.h */,
				B91581CC1D0FD985000FC33F /* MASUtilities.h */,
				B91581CD1D0FD985000FC33F /* MASViewAttribute.h */,
				B91581CE1D0FD985000FC33F /* MASViewAttribute.m */,
				B91581CF1D0FD985000FC33F /* MASViewConstraint.h */,
				B91581D01D0FD985000FC33F /* MASViewConstraint.m */,
				B91581D11D0FD985000FC33F /* NSArray+MASAdditions.h */,
				B91581D21D0FD985000FC33F /* NSArray+MASAdditions.m */,
				B91581D31D0FD985000FC33F /* NSArray+MASShorthandAdditions.h */,
				B91581D41D0FD985000FC33F /* NSLayoutConstraint+MASDebugAdditions.h */,
				B91581D51D0FD985000FC33F /* NSLayoutConstraint+MASDebugAdditions.m */,
				B91581D61D0FD985000FC33F /* View+MASAdditions.h */,
				B91581D71D0FD985000FC33F /* View+MASAdditions.m */,
				B91581D81D0FD985000FC33F /* View+MASShorthandAdditions.h */,
				B91581D91D0FD985000FC33F /* ViewController+MASAdditions.h */,
				B91581DA1D0FD985000FC33F /* ViewController+MASAdditions.m */,
			);
			path = Masonry;
			sourceTree = "<group>";
		};
		B91581DB1D0FD985000FC33F /* Toast */ = {
			isa = PBXGroup;
			children = (
				B91581DC1D0FD985000FC33F /* UIView+Toast.h */,
				B91581DD1D0FD985000FC33F /* UIView+Toast.m */,
			);
			path = Toast;
			sourceTree = "<group>";
		};
		B92338801D0AA58D00AC37D1 = {
			isa = PBXGroup;
			children = (
				B923388B1D0AA58D00AC37D1 /* appodeal_ios_demo_app */,
				B923388A1D0AA58D00AC37D1 /* Products */,
				B91581C01D0FD985000FC33F /* SupportLib */,
				1C163E09495AE60F795672CA /* Frameworks */,
			);
			sourceTree = "<group>";
		};
		B923388A1D0AA58D00AC37D1 /* Products */ = {
			isa = PBXGroup;
			children = (
				B92338891D0AA58D00AC37D1 /* appodeal_ios_demo_app.app */,
			);
			name = Products;
			sourceTree = "<group>";
		};
		B923388B1D0AA58D00AC37D1 /* appodeal_ios_demo_app */ = {
			isa = PBXGroup;
			children = (
				B92338A81D0AAB1A00AC37D1 /* APDViewControllers */,
				B923388C1D0AA58D00AC37D1 /* Supporting Files */,
			);
			path = appodeal_ios_demo_app;
			sourceTree = "<group>";
		};
		B923388C1D0AA58D00AC37D1 /* Supporting Files */ = {
			isa = PBXGroup;
			children = (
				B90EC5691D5B00CF00182B20 /* APDSupportClasses */,
				B923388F1D0AA58D00AC37D1 /* AppDelegate.h */,
				B92338901D0AA58D00AC37D1 /* AppDelegate.m */,
				B99508DE1D59D39F005AEF1F /* APDDemo_PrefixHeader.pch */,
				B92338981D0AA58D00AC37D1 /* Assets.xcassets */,
				B923389A1D0AA58D00AC37D1 /* LaunchScreen.storyboard */,
				B923389D1D0AA58D00AC37D1 /* Info.plist */,
				B923388D1D0AA58D00AC37D1 /* main.m */,
			);
			name = "Supporting Files";
			sourceTree = "<group>";
		};
		B92338A81D0AAB1A00AC37D1 /* APDViewControllers */ = {
			isa = PBXGroup;
			children = (
				B92338C21D0AB0D300AC37D1 /* APDInitializeBlock */,
				B92339061D0B051500AC37D1 /* APDPresentationBlock */,
				B99509631D59EEB1005AEF1F /* APDAdditionsFunction */,
			);
			name = APDViewControllers;
			sourceTree = "<group>";
		};
		B92338B01D0AAB9200AC37D1 /* APDROOT */ = {
			isa = PBXGroup;
			children = (
				B92338B11D0AABB700AC37D1 /* APDRootView.h */,
				B92338B21D0AABB700AC37D1 /* APDRootView.m */,
				B92338AD1D0AAB8A00AC37D1 /* APDRootViewController.h */,
				B92338AE1D0AAB8A00AC37D1 /* APDRootViewController.m */,
			);
			name = APDROOT;
			sourceTree = "<group>";
		};
		B92338C21D0AB0D300AC37D1 /* APDInitializeBlock */ = {
			isa = PBXGroup;
			children = (
				B92338A51D0AAB1100AC37D1 /* APDStartScreenViewController.h */,
				B92338A61D0AAB1100AC37D1 /* APDStartScreenViewController.m */,
				B9D9D9811DDEE81B00DC028B /* APDDisableNetworkViewController.h */,
				B9D9D9821DDEE81B00DC028B /* APDDisableNetworkViewController.m */,
				B92338BB1D0AAFB800AC37D1 /* APDInitilizeViewController.h */,
				B92338BC1D0AAFB800AC37D1 /* APDInitilizeViewController.m */,
			);
			name = APDInitializeBlock;
			sourceTree = "<group>";
		};
		B92339061D0B051500AC37D1 /* APDPresentationBlock */ = {
			isa = PBXGroup;
			children = (
				B9D9D98D1DDF2E5F00DC028B /* APDHUBViewController.h */,
				B9D9D98E1DDF2E5F00DC028B /* APDHUBViewController.m */,
				B9FD887F1DE31DB7000C0559 /* Banner */,
				B9FD88801DE31DBE000C0559 /* MREC */,
				B9FD88BE1DE327EE000C0559 /* Native */,
			);
			name = APDPresentationBlock;
			sourceTree = "<group>";
		};
		B93895711D745EB30048E85A /* APDSRC */ = {
			isa = PBXGroup;
			children = (
				B938956E1D745EAD0048E85A /* APDSVC.h */,
				B938956F1D745EAD0048E85A /* APDSVC.m */,
			);
			name = APDSRC;
			sourceTree = "<group>";
		};
		B99508BB1D59AFB6005AEF1F /* APDCustomContent */ = {
			isa = PBXGroup;
			children = (
				B99508BF1D59B859005AEF1F /* APDCustomNativeView.h */,
				B99508C01D59B859005AEF1F /* APDCustomNativeView.m */,
				B99508B81D59AFA4005AEF1F /* APDCustomContentViewController.h */,
				B99508B91D59AFA4005AEF1F /* APDCustomContentViewController.m */,
			);
			name = APDCustomContent;
			sourceTree = "<group>";
		};
		B99508C21D59CEF2005AEF1F /* RSS */ = {
			isa = PBXGroup;
			children = (
				B99508C31D59CF6C005AEF1F /* RSSModel.h */,
				B99508C41D59CF6C005AEF1F /* RSSModel.m */,
				B99508C61D59CF7B005AEF1F /* RSSStream.h */,
				B99508C71D59CF7B005AEF1F /* RSSStream.m */,
			);
			name = RSS;
			sourceTree = "<group>";
		};
		B99508C91D59D0CE005AEF1F /* MWFeedParser */ = {
			isa = PBXGroup;
			children = (
				B99508CA1D59D0CE005AEF1F /* GTMNSString+HTML.h */,
				B99508CB1D59D0CE005AEF1F /* GTMNSString+HTML.m */,
				B99508CC1D59D0CE005AEF1F /* MWFeedInfo.h */,
				B99508CD1D59D0CE005AEF1F /* MWFeedInfo.m */,
				B99508CE1D59D0CE005AEF1F /* MWFeedItem.h */,
				B99508CF1D59D0CE005AEF1F /* MWFeedItem.m */,
				B99508D01D59D0CE005AEF1F /* MWFeedParser.h */,
				B99508D11D59D0CE005AEF1F /* MWFeedParser.m */,
				B99508D21D59D0CE005AEF1F /* MWFeedParser_Private.h */,
				B99508D31D59D0CE005AEF1F /* NSDate+InternetDateTime.h */,
				B99508D41D59D0CE005AEF1F /* NSDate+InternetDateTime.m */,
				B99508D51D59D0CE005AEF1F /* NSString+HTML.h */,
				B99508D61D59D0CE005AEF1F /* NSString+HTML.m */,
			);
			path = MWFeedParser;
			sourceTree = "<group>";
		};
		B99508DF1D59E8AF005AEF1F /* APDViewAbilityWork */ = {
			isa = PBXGroup;
			children = (
				B93895711D745EB30048E85A /* APDSRC */,
				B995095C1D59EC88005AEF1F /* APDVideoHidden */,
				B99509551D59EC63005AEF1F /* APDTripleBanner */,
				B99509481D59EC08005AEF1F /* APDDoubleInterstitial */,
				B995093B1D59EBA7005AEF1F /* APDBannerHidden */,
			);
			name = APDViewAbilityWork;
			sourceTree = "<group>";
		};
		B99508E01D59E92E005AEF1F /* APDBackgroundWork */ = {
			isa = PBXGroup;
			children = (
				B995092E1D59EB5D005AEF1F /* APDPhoneCall */,
				B99509211D59EB1D005AEF1F /* APDBluetooth */,
				B99509141D59EADB005AEF1F /* APDAudioRecording */,
				B99509071D59EAAB005AEF1F /* APDTimer */,
				B99508FA1D59EA48005AEF1F /* APDVideo */,
				B99508ED1D59E9E9005AEF1F /* APDGeo */,
			);
			name = APDBackgroundWork;
			sourceTree = "<group>";
		};
		B99508ED1D59E9E9005AEF1F /* APDGeo */ = {
			isa = PBXGroup;
			children = (
				B99508E71D59E9E5005AEF1F /* APDGeoView.h */,
				B99508E81D59E9E5005AEF1F /* APDGeoView.m */,
				B99508E91D59E9E5005AEF1F /* APDGeoViewController.h */,
				B99508EA1D59E9E5005AEF1F /* APDGeoViewController.m */,
			);
			name = APDGeo;
			sourceTree = "<group>";
		};
		B99508FA1D59EA48005AEF1F /* APDVideo */ = {
			isa = PBXGroup;
			children = (
				B99508F41D59EA39005AEF1F /* APDVideoView.h */,
				B99508F51D59EA39005AEF1F /* APDVideoView.m */,
				B99508F61D59EA39005AEF1F /* APDVideoViewController.h */,
				B99508F71D59EA39005AEF1F /* APDVideoViewController.m */,
			);
			name = APDVideo;
			sourceTree = "<group>";
		};
		B99509071D59EAAB005AEF1F /* APDTimer */ = {
			isa = PBXGroup;
			children = (
				B99509011D59EAA2005AEF1F /* APDTimerView.h */,
				B99509021D59EAA2005AEF1F /* APDTimerView.m */,
				B99509031D59EAA2005AEF1F /* APDTimerViewController.h */,
				B99509041D59EAA2005AEF1F /* APDTimerViewController.m */,
			);
			name = APDTimer;
			sourceTree = "<group>";
		};
		B99509141D59EADB005AEF1F /* APDAudioRecording */ = {
			isa = PBXGroup;
			children = (
				B995090E1D59EAD4005AEF1F /* APDAudioRecordingView.h */,
				B995090F1D59EAD4005AEF1F /* APDAudioRecordingView.m */,
				B99509101D59EAD4005AEF1F /* APDAudioRecordingViewController.h */,
				B99509111D59EAD4005AEF1F /* APDAudioRecordingViewController.m */,
			);
			name = APDAudioRecording;
			sourceTree = "<group>";
		};
		B99509211D59EB1D005AEF1F /* APDBluetooth */ = {
			isa = PBXGroup;
			children = (
				B995091B1D59EB17005AEF1F /* APDBluetoothView.h */,
				B995091C1D59EB17005AEF1F /* APDBluetoothView.m */,
				B995091D1D59EB17005AEF1F /* APDBluetoothViewController.h */,
				B995091E1D59EB17005AEF1F /* APDBluetoothViewController.m */,
			);
			name = APDBluetooth;
			sourceTree = "<group>";
		};
		B995092E1D59EB5D005AEF1F /* APDPhoneCall */ = {
			isa = PBXGroup;
			children = (
				B99509281D59EB57005AEF1F /* APDPhoneCallView.h */,
				B99509291D59EB57005AEF1F /* APDPhoneCallView.m */,
				B995092A1D59EB57005AEF1F /* APDPhoneCallViewController.h */,
				B995092B1D59EB57005AEF1F /* APDPhoneCallViewController.m */,
			);
			name = APDPhoneCall;
			sourceTree = "<group>";
		};
		B995093B1D59EBA7005AEF1F /* APDBannerHidden */ = {
			isa = PBXGroup;
			children = (
				B99509351D59EBA2005AEF1F /* APDBannerHiddenView.h */,
				B99509361D59EBA2005AEF1F /* APDBannerHiddenView.m */,
				B99509371D59EBA2005AEF1F /* APDBannerHiddenViewController.h */,
				B99509381D59EBA2005AEF1F /* APDBannerHiddenViewController.m */,
			);
			name = APDBannerHidden;
			sourceTree = "<group>";
		};
		B99509481D59EC08005AEF1F /* APDDoubleInterstitial */ = {
			isa = PBXGroup;
			children = (
				B99509421D59EBFF005AEF1F /* APDInterstitialDoubleView.h */,
				B99509431D59EBFF005AEF1F /* APDInterstitialDoubleView.m */,
				B99509441D59EBFF005AEF1F /* APDInterstitialDoubleViewController.h */,
				B99509451D59EBFF005AEF1F /* APDInterstitialDoubleViewController.m */,
			);
			name = APDDoubleInterstitial;
			sourceTree = "<group>";
		};
		B99509551D59EC63005AEF1F /* APDTripleBanner */ = {
			isa = PBXGroup;
			children = (
				B995094F1D59EC5E005AEF1F /* APDTripleBanerView.h */,
				B99509501D59EC5E005AEF1F /* APDTripleBanerView.m */,
				B99509511D59EC5E005AEF1F /* APDTripleBannerViewController.h */,
				B99509521D59EC5E005AEF1F /* APDTripleBannerViewController.m */,
			);
			name = APDTripleBanner;
			sourceTree = "<group>";
		};
		B995095C1D59EC88005AEF1F /* APDVideoHidden */ = {
			isa = PBXGroup;
			children = (
				B995095D1D59ECB0005AEF1F /* APDVideoHiddenView.h */,
				B995095E1D59ECB0005AEF1F /* APDVideoHiddenView.m */,
				B995095F1D59ECB0005AEF1F /* APDVideoHiddenViewController.h */,
				B99509601D59ECB0005AEF1F /* APDVideoHiddenViewController.m */,
			);
			name = APDVideoHidden;
			sourceTree = "<group>";
		};
		B99509631D59EEB1005AEF1F /* APDAdditionsFunction */ = {
			isa = PBXGroup;
			children = (
				B99509701D59EF45005AEF1F /* APDAdditionsPresented */,
				B99508DF1D59E8AF005AEF1F /* APDViewAbilityWork */,
				B99508E01D59E92E005AEF1F /* APDBackgroundWork */,
			);
			name = APDAdditionsFunction;
			sourceTree = "<group>";
		};
		B99509701D59EF45005AEF1F /* APDAdditionsPresented */ = {
			isa = PBXGroup;
			children = (
				B99509811D5A270C005AEF1F /* APDViewablillityPresented */,
				B99509881D5A278E005AEF1F /* APDBackgroundWorkPresented */,
			);
			name = APDAdditionsPresented;
			sourceTree = "<group>";
		};
		B99509811D5A270C005AEF1F /* APDViewablillityPresented */ = {
			isa = PBXGroup;
			children = (
				B99509821D5A2740005AEF1F /* APDViewabillityPresentationView.h */,
				B99509831D5A2740005AEF1F /* APDViewabillityPresentationView.m */,
				B995097C1D5A26B8005AEF1F /* APDViewabillityPresentationViewController.h */,
				B995097D1D5A26B8005AEF1F /* APDViewabillityPresentationViewController.m */,
			);
			name = APDViewablillityPresented;
			sourceTree = "<group>";
		};
		B99509881D5A278E005AEF1F /* APDBackgroundWorkPresented */ = {
			isa = PBXGroup;
			children = (
				B99509851D5A278A005AEF1F /* APDBackgoundWorkPresentationView.h */,
				B99509861D5A278A005AEF1F /* APDBackgoundWorkPresentationView.m */,
				B99509891D5A27C5005AEF1F /* APDBackgroundWorkPresentationViewController.h */,
				B995098A1D5A27C5005AEF1F /* APDBackgroundWorkPresentationViewController.m */,
			);
			name = APDBackgroundWorkPresented;
			sourceTree = "<group>";
		};
		B9E0CAD11D17EF94009A7079 /* Haneke */ = {
			isa = PBXGroup;
			children = (
				B9E0CAD21D17EF94009A7079 /* Haneke.h */,
				B9E0CAD31D17EF94009A7079 /* HNKCache.h */,
				B9E0CAD41D17EF94009A7079 /* HNKCache.m */,
				B9E0CAD51D17EF94009A7079 /* HNKDiskCache.h */,
				B9E0CAD61D17EF94009A7079 /* HNKDiskCache.m */,
				B9E0CAD71D17EF94009A7079 /* HNKDiskFetcher.h */,
				B9E0CAD81D17EF94009A7079 /* HNKDiskFetcher.m */,
				B9E0CAD91D17EF94009A7079 /* HNKNetworkFetcher.h */,
				B9E0CADA1D17EF94009A7079 /* HNKNetworkFetcher.m */,
				B9E0CADB1D17EF94009A7079 /* HNKSimpleFetcher.h */,
				B9E0CADC1D17EF94009A7079 /* HNKSimpleFetcher.m */,
				B9E0CADD1D17EF94009A7079 /* UIButton+Haneke.h */,
				B9E0CADE1D17EF94009A7079 /* UIButton+Haneke.m */,
				B9E0CADF1D17EF94009A7079 /* UIImageView+Haneke.h */,
				B9E0CAE01D17EF94009A7079 /* UIImageView+Haneke.m */,
				B9E0CAE11D17EF94009A7079 /* UIView+Haneke.h */,
				B9E0CAE21D17EF94009A7079 /* UIView+Haneke.m */,
			);
			path = Haneke;
			sourceTree = "<group>";
		};
		B9FD887F1DE31DB7000C0559 /* Banner */ = {
			isa = PBXGroup;
			children = (
				B9D9D9901DDF412C00DC028B /* APDBannerViewController.h */,
				B9D9D9911DDF412C00DC028B /* APDBannerViewController.m */,
			);
			name = Banner;
			sourceTree = "<group>";
		};
		B9FD88801DE31DBE000C0559 /* MREC */ = {
			isa = PBXGroup;
			children = (
				B9CA38421D10076200A5F3B4 /* APDMRECViewController.h */,
				B9CA38431D10076200A5F3B4 /* APDMRECViewController.m */,
			);
			name = MREC;
			sourceTree = "<group>";
		};
		B9FD88BE1DE327EE000C0559 /* Native */ = {
			isa = PBXGroup;
			children = (
				B99508BB1D59AFB6005AEF1F /* APDCustomContent */,
				B9CA384D1D10182400A5F3B4 /* APDNativeShowStyleViewController.h */,
				B9CA384E1D10182400A5F3B4 /* APDNativeShowStyleViewController.m */,
			);
			name = Native;
			sourceTree = "<group>";
		};
/* End PBXGroup section */

/* Begin PBXNativeTarget section */
		B92338881D0AA58D00AC37D1 /* appodeal_ios_demo_app */ = {
			isa = PBXNativeTarget;
			buildConfigurationList = B92338A01D0AA58D00AC37D1 /* Build configuration list for PBXNativeTarget "appodeal_ios_demo_app" */;
			buildPhases = (
				B92338851D0AA58D00AC37D1 /* Sources */,
				B92338861D0AA58D00AC37D1 /* Frameworks */,
				B92338871D0AA58D00AC37D1 /* Resources */,
				B9B1E6E91D379D2700A3F8BF /* Embed Frameworks */,
			);
			buildRules = (
			);
			dependencies = (
			);
			name = appodeal_ios_demo_app;
			productName = appodeal_ios_demo_app;
			productReference = B92338891D0AA58D00AC37D1 /* appodeal_ios_demo_app.app */;
			productType = "com.apple.product-type.application";
		};
/* End PBXNativeTarget section */

/* Begin PBXProject section */
		B92338811D0AA58D00AC37D1 /* Project object */ = {
			isa = PBXProject;
			attributes = {
				CLASSPREFIX = APD;
				LastUpgradeCheck = 0800;
				ORGANIZATIONNAME = "Lozhkin Ilya";
				TargetAttributes = {
					B92338881D0AA58D00AC37D1 = {
						CreatedOnToolsVersion = 7.3;
						DevelopmentTeam = 3UBVG2WUJQ;
						SystemCapabilities = {
							com.apple.InAppPurchase = {
								enabled = 0;
							};
						};
					};
				};
			};
			buildConfigurationList = B92338841D0AA58D00AC37D1 /* Build configuration list for PBXProject "appodeal_ios_demo_app" */;
			compatibilityVersion = "Xcode 3.2";
			developmentRegion = English;
			hasScannedForEncodings = 0;
			knownRegions = (
				en,
				Base,
			);
			mainGroup = B92338801D0AA58D00AC37D1;
			productRefGroup = B923388A1D0AA58D00AC37D1 /* Products */;
			projectDirPath = "";
			projectRoot = "";
			targets = (
				B92338881D0AA58D00AC37D1 /* appodeal_ios_demo_app */,
			);
		};
/* End PBXProject section */

/* Begin PBXResourcesBuildPhase section */
		B92338871D0AA58D00AC37D1 /* Resources */ = {
			isa = PBXResourcesBuildPhase;
			buildActionMask = 2147483647;
			files = (
				B923389C1D0AA58D00AC37D1 /* LaunchScreen.storyboard in Resources */,
				B92338991D0AA58D00AC37D1 /* Assets.xcassets in Resources */,
			);
			runOnlyForDeploymentPostprocessing = 0;
		};
/* End PBXResourcesBuildPhase section */

/* Begin PBXSourcesBuildPhase section */
		B92338851D0AA58D00AC37D1 /* Sources */ = {
			isa = PBXSourcesBuildPhase;
			buildActionMask = 2147483647;
			files = (
				B923562C1F06431000CDC1A4 /* APDOnLoad.m in Sources */,
				B995092C1D59EB57005AEF1F /* APDPhoneCallView.m in Sources */,
				B99509391D59EBA2005AEF1F /* APDBannerHiddenView.m in Sources */,
				B91581E31D0FD985000FC33F /* MASViewConstraint.m in Sources */,
				B92338B31D0AABB700AC37D1 /* APDRootView.m in Sources */,
				B91581E41D0FD985000FC33F /* NSArray+MASAdditions.m in Sources */,
				B91581E21D0FD985000FC33F /* MASViewAttribute.m in Sources */,
				B9D9D98C1DDF1C0900DC028B /* APDDemoModel.m in Sources */,
				B9D9D9831DDEE81B00DC028B /* APDDisableNetworkViewController.m in Sources */,
				B9F5DC0F1D5C572300C3B54A /* UIView+APD_Spinner.m in Sources */,
				B90EC5681D5B00C700182B20 /* APDViewModel.m in Sources */,
				B9D9D9921DDF412C00DC028B /* APDBannerViewController.m in Sources */,
				B9E0CAE81D17EF94009A7079 /* UIButton+Haneke.m in Sources */,
				B99508D71D59D0CE005AEF1F /* GTMNSString+HTML.m in Sources */,
				B91581E71D0FD985000FC33F /* ViewController+MASAdditions.m in Sources */,
				B92338BD1D0AAFB800AC37D1 /* APDInitilizeViewController.m in Sources */,
				B9E0CAE61D17EF94009A7079 /* HNKNetworkFetcher.m in Sources */,
				B9E0CAEA1D17EF94009A7079 /* UIView+Haneke.m in Sources */,
				B99509621D59ECB0005AEF1F /* APDVideoHiddenViewController.m in Sources */,
				B91581E81D0FD985000FC33F /* UIView+Toast.m in Sources */,
				B91581DE1D0FD985000FC33F /* MASCompositeConstraint.m in Sources */,
				B9E0CAE91D17EF94009A7079 /* UIImageView+Haneke.m in Sources */,
				B99509461D59EBFF005AEF1F /* APDInterstitialDoubleView.m in Sources */,
				B99508C81D59CF7B005AEF1F /* RSSStream.m in Sources */,
				B99508C11D59B859005AEF1F /* APDCustomNativeView.m in Sources */,
				B99508DC1D59D0CE005AEF1F /* NSString+HTML.m in Sources */,
				B99508F81D59EA39005AEF1F /* APDVideoView.m in Sources */,
				B99509061D59EAA2005AEF1F /* APDTimerViewController.m in Sources */,
				B92338911D0AA58D00AC37D1 /* AppDelegate.m in Sources */,
				B91581DF1D0FD985000FC33F /* MASConstraint.m in Sources */,
				B99508D91D59D0CE005AEF1F /* MWFeedItem.m in Sources */,
				B99508EB1D59E9E5005AEF1F /* APDGeoView.m in Sources */,
				B99508D81D59D0CE005AEF1F /* MWFeedInfo.m in Sources */,
				B995092D1D59EB57005AEF1F /* APDPhoneCallViewController.m in Sources */,
				B995098B1D5A27C5005AEF1F /* APDBackgroundWorkPresentationViewController.m in Sources */,
				B928038A1D0ED1240043CA68 /* AppodealToast.m in Sources */,
				B9E0CAE71D17EF94009A7079 /* HNKSimpleFetcher.m in Sources */,
				B9E0CAE41D17EF94009A7079 /* HNKDiskCache.m in Sources */,
				B923388E1D0AA58D00AC37D1 /* main.m in Sources */,
				B995097E1D5A26B8005AEF1F /* APDViewabillityPresentationViewController.m in Sources */,
				B9CA384F1D10182400A5F3B4 /* APDNativeShowStyleViewController.m in Sources */,
				B91581E11D0FD985000FC33F /* MASLayoutConstraint.m in Sources */,
				B99508C51D59CF6C005AEF1F /* RSSModel.m in Sources */,
				B99508DA1D59D0CE005AEF1F /* MWFeedParser.m in Sources */,
				B99509121D59EAD4005AEF1F /* APDAudioRecordingView.m in Sources */,
				B91581E61D0FD985000FC33F /* View+MASAdditions.m in Sources */,
				B9CA38441D10076200A5F3B4 /* APDMRECViewController.m in Sources */,
				B99509871D5A278A005AEF1F /* APDBackgoundWorkPresentationView.m in Sources */,
				B99509201D59EB17005AEF1F /* APDBluetoothViewController.m in Sources */,
				B92338AF1D0AAB8A00AC37D1 /* APDRootViewController.m in Sources */,
				B99509131D59EAD4005AEF1F /* APDAudioRecordingViewController.m in Sources */,
				B99508EC1D59E9E5005AEF1F /* APDGeoViewController.m in Sources */,
				B9D9D98F1DDF2E5F00DC028B /* APDHUBViewController.m in Sources */,
				B99509531D59EC5E005AEF1F /* APDTripleBanerView.m in Sources */,
				B91581E51D0FD985000FC33F /* NSLayoutConstraint+MASDebugAdditions.m in Sources */,
				B9E0CAE51D17EF94009A7079 /* HNKDiskFetcher.m in Sources */,
				B99508BA1D59AFA4005AEF1F /* APDCustomContentViewController.m in Sources */,
				B99509051D59EAA2005AEF1F /* APDTimerView.m in Sources */,
				B91581E01D0FD985000FC33F /* MASConstraintMaker.m in Sources */,
				B9E0CAE31D17EF94009A7079 /* HNKCache.m in Sources */,
				B99509611D59ECB0005AEF1F /* APDVideoHiddenView.m in Sources */,
				B99508DB1D59D0CE005AEF1F /* NSDate+InternetDateTime.m in Sources */,
				B93895701D745EAD0048E85A /* APDSVC.m in Sources */,
				B99509841D5A2740005AEF1F /* APDViewabillityPresentationView.m in Sources */,
				B995091F1D59EB17005AEF1F /* APDBluetoothView.m in Sources */,
				B99509471D59EBFF005AEF1F /* APDInterstitialDoubleViewController.m in Sources */,
				B995093A1D59EBA2005AEF1F /* APDBannerHiddenViewController.m in Sources */,
				B99509541D59EC5E005AEF1F /* APDTripleBannerViewController.m in Sources */,
				B99508F91D59EA39005AEF1F /* APDVideoViewController.m in Sources */,
				B92338A71D0AAB1100AC37D1 /* APDStartScreenViewController.m in Sources */,
			);
			runOnlyForDeploymentPostprocessing = 0;
		};
/* End PBXSourcesBuildPhase section */

/* Begin PBXVariantGroup section */
		B923389A1D0AA58D00AC37D1 /* LaunchScreen.storyboard */ = {
			isa = PBXVariantGroup;
			children = (
				B923389B1D0AA58D00AC37D1 /* Base */,
				B9EA63F61D5CB5B1002C7CD0 /* ru */,
			);
			name = LaunchScreen.storyboard;
			sourceTree = "<group>";
		};
/* End PBXVariantGroup section */

/* Begin XCBuildConfiguration section */
		B923389E1D0AA58D00AC37D1 /* Debug */ = {
			isa = XCBuildConfiguration;
			buildSettings = {
				ALWAYS_EMBED_SWIFT_STANDARD_LIBRARIES = YES;
				ALWAYS_SEARCH_USER_PATHS = NO;
				CLANG_ANALYZER_LOCALIZABILITY_NONLOCALIZED = YES;
				CLANG_ANALYZER_NONNULL = YES;
				CLANG_CXX_LANGUAGE_STANDARD = "gnu++0x";
				CLANG_CXX_LIBRARY = "libc++";
				CLANG_ENABLE_MODULES = YES;
				CLANG_ENABLE_OBJC_ARC = YES;
				CLANG_WARN_BOOL_CONVERSION = YES;
				CLANG_WARN_CONSTANT_CONVERSION = YES;
				CLANG_WARN_DIRECT_OBJC_ISA_USAGE = YES_ERROR;
				CLANG_WARN_EMPTY_BODY = YES;
				CLANG_WARN_ENUM_CONVERSION = YES;
				CLANG_WARN_INFINITE_RECURSION = YES;
				CLANG_WARN_INT_CONVERSION = YES;
				CLANG_WARN_OBJC_ROOT_CLASS = YES_ERROR;
				CLANG_WARN_SUSPICIOUS_MOVE = YES;
				CLANG_WARN_UNREACHABLE_CODE = YES;
				CLANG_WARN__DUPLICATE_METHOD_MATCH = YES;
				"CODE_SIGN_IDENTITY[sdk=iphoneos*]" = "iPhone Developer";
				COPY_PHASE_STRIP = NO;
				DEBUG_INFORMATION_FORMAT = dwarf;
				ENABLE_STRICT_OBJC_MSGSEND = YES;
				ENABLE_TESTABILITY = YES;
				FRAMEWORK_SEARCH_PATHS = "$(inherited)";
				GCC_C_LANGUAGE_STANDARD = gnu99;
				GCC_DYNAMIC_NO_PIC = NO;
				GCC_NO_COMMON_BLOCKS = YES;
				GCC_OPTIMIZATION_LEVEL = 0;
				GCC_PREPROCESSOR_DEFINITIONS = (
					"DEBUG=1",
					"$(inherited)",
				);
				GCC_WARN_64_TO_32_BIT_CONVERSION = YES;
				GCC_WARN_ABOUT_RETURN_TYPE = YES_ERROR;
				GCC_WARN_UNDECLARED_SELECTOR = YES;
				GCC_WARN_UNINITIALIZED_AUTOS = YES_AGGRESSIVE;
				GCC_WARN_UNUSED_FUNCTION = YES;
				GCC_WARN_UNUSED_VARIABLE = YES;
				HEADER_SEARCH_PATHS = "$(inherited)";
				IPHONEOS_DEPLOYMENT_TARGET = 9.3;
				LIBRARY_SEARCH_PATHS = "$(inherited)";
				MTL_ENABLE_DEBUG_INFO = YES;
				ONLY_ACTIVE_ARCH = YES;
				OTHER_LDFLAGS = (
					"$(inherited)",
					"-ObjC",
				);
				SDKROOT = iphoneos;
			};
			name = Debug;
		};
		B923389F1D0AA58D00AC37D1 /* Release */ = {
			isa = XCBuildConfiguration;
			buildSettings = {
				ALWAYS_EMBED_SWIFT_STANDARD_LIBRARIES = YES;
				ALWAYS_SEARCH_USER_PATHS = NO;
				CLANG_ANALYZER_LOCALIZABILITY_NONLOCALIZED = YES;
				CLANG_ANALYZER_NONNULL = YES;
				CLANG_CXX_LANGUAGE_STANDARD = "gnu++0x";
				CLANG_CXX_LIBRARY = "libc++";
				CLANG_ENABLE_MODULES = YES;
				CLANG_ENABLE_OBJC_ARC = YES;
				CLANG_WARN_BOOL_CONVERSION = YES;
				CLANG_WARN_CONSTANT_CONVERSION = YES;
				CLANG_WARN_DIRECT_OBJC_ISA_USAGE = YES_ERROR;
				CLANG_WARN_EMPTY_BODY = YES;
				CLANG_WARN_ENUM_CONVERSION = YES;
				CLANG_WARN_INFINITE_RECURSION = YES;
				CLANG_WARN_INT_CONVERSION = YES;
				CLANG_WARN_OBJC_ROOT_CLASS = YES_ERROR;
				CLANG_WARN_SUSPICIOUS_MOVE = YES;
				CLANG_WARN_UNREACHABLE_CODE = YES;
				CLANG_WARN__DUPLICATE_METHOD_MATCH = YES;
				"CODE_SIGN_IDENTITY[sdk=iphoneos*]" = "iPhone Developer";
				COPY_PHASE_STRIP = NO;
				DEBUG_INFORMATION_FORMAT = "dwarf-with-dsym";
				ENABLE_NS_ASSERTIONS = NO;
				ENABLE_STRICT_OBJC_MSGSEND = YES;
				FRAMEWORK_SEARCH_PATHS = "$(inherited)";
				GCC_C_LANGUAGE_STANDARD = gnu99;
				GCC_NO_COMMON_BLOCKS = YES;
				GCC_WARN_64_TO_32_BIT_CONVERSION = YES;
				GCC_WARN_ABOUT_RETURN_TYPE = YES_ERROR;
				GCC_WARN_UNDECLARED_SELECTOR = YES;
				GCC_WARN_UNINITIALIZED_AUTOS = YES_AGGRESSIVE;
				GCC_WARN_UNUSED_FUNCTION = YES;
				GCC_WARN_UNUSED_VARIABLE = YES;
				HEADER_SEARCH_PATHS = "$(inherited)";
				IPHONEOS_DEPLOYMENT_TARGET = 9.3;
				LIBRARY_SEARCH_PATHS = "$(inherited)";
				MTL_ENABLE_DEBUG_INFO = NO;
				OTHER_LDFLAGS = (
					"$(inherited)",
					"-ObjC",
				);
				SDKROOT = iphoneos;
				VALIDATE_PRODUCT = YES;
			};
			name = Release;
		};
		B92338A11D0AA58D00AC37D1 /* Debug */ = {
			isa = XCBuildConfiguration;
			buildSettings = {
				ALWAYS_EMBED_SWIFT_STANDARD_LIBRARIES = YES;
				ASSETCATALOG_COMPILER_APPICON_NAME = AppIcon;
				CODE_SIGN_IDENTITY = "iPhone Developer";
				DEVELOPMENT_TEAM = 3UBVG2WUJQ;
				ENABLE_BITCODE = NO;
				FRAMEWORK_SEARCH_PATHS = (
					"$(inherited)",
					"$(PROJECT_DIR)",
				);
				GCC_PREFIX_HEADER = appodeal_ios_demo_app/APDDemo_PrefixHeader.pch;
				HEADER_SEARCH_PATHS = "";
				INFOPLIST_FILE = appodeal_ios_demo_app/Info.plist;
				IPHONEOS_DEPLOYMENT_TARGET = 8.1;
				LD_RUNPATH_SEARCH_PATHS = "$(inherited) @executable_path/Frameworks";
				LIBRARY_SEARCH_PATHS = (
					"$(inherited)",
					"$(PROJECT_DIR)",
				);
				OTHER_LDFLAGS = "-ObjC";
				PRODUCT_BUNDLE_IDENTIFIER = com.appodeal.sandbox;
				PRODUCT_NAME = "$(TARGET_NAME)";
				TARGETED_DEVICE_FAMILY = "1,2";
			};
			name = Debug;
		};
		B92338A21D0AA58D00AC37D1 /* Release */ = {
			isa = XCBuildConfiguration;
			buildSettings = {
				ALWAYS_EMBED_SWIFT_STANDARD_LIBRARIES = YES;
				ASSETCATALOG_COMPILER_APPICON_NAME = AppIcon;
				CODE_SIGN_IDENTITY = "iPhone Developer";
				"CODE_SIGN_IDENTITY[sdk=iphoneos*]" = "iPhone Developer";
				DEVELOPMENT_TEAM = 3UBVG2WUJQ;
				ENABLE_BITCODE = NO;
				FRAMEWORK_SEARCH_PATHS = (
					"$(inherited)",
					"$(PROJECT_DIR)",
				);
				GCC_PREFIX_HEADER = appodeal_ios_demo_app/APDDemo_PrefixHeader.pch;
				HEADER_SEARCH_PATHS = "";
				INFOPLIST_FILE = appodeal_ios_demo_app/Info.plist;
				IPHONEOS_DEPLOYMENT_TARGET = 8.1;
				LD_RUNPATH_SEARCH_PATHS = "$(inherited) @executable_path/Frameworks";
				LIBRARY_SEARCH_PATHS = (
					"$(inherited)",
					"$(PROJECT_DIR)",
				);
				OTHER_LDFLAGS = "-ObjC";
				PRODUCT_BUNDLE_IDENTIFIER = com.appodeal.sandbox;
				PRODUCT_NAME = "$(TARGET_NAME)";
				TARGETED_DEVICE_FAMILY = "1,2";
			};
			name = Release;
		};
/* End XCBuildConfiguration section */

/* Begin XCConfigurationList section */
		B92338841D0AA58D00AC37D1 /* Build configuration list for PBXProject "appodeal_ios_demo_app" */ = {
			isa = XCConfigurationList;
			buildConfigurations = (
				B923389E1D0AA58D00AC37D1 /* Debug */,
				B923389F1D0AA58D00AC37D1 /* Release */,
			);
			defaultConfigurationIsVisible = 0;
			defaultConfigurationName = Release;
		};
		B92338A01D0AA58D00AC37D1 /* Build configuration list for PBXNativeTarget "appodeal_ios_demo_app" */ = {
			isa = XCConfigurationList;
			buildConfigurations = (
				B92338A11D0AA58D00AC37D1 /* Debug */,
				B92338A21D0AA58D00AC37D1 /* Release */,
			);
			defaultConfigurationIsVisible = 0;
			defaultConfigurationName = Release;
		};
/* End XCConfigurationList section */
	};
	rootObject = B92338811D0AA58D00AC37D1 /* Project object */;
}
